// !$*UTF8*$!
{
	archiveVersion = 1;
	classes = {
	};
	objectVersion = 46;
	objects = {

/* Begin PBXAggregateTarget section */
		B19BDFB30B5C94F200465046 /* Release Package */ = {
			isa = PBXAggregateTarget;
			buildConfigurationList = B19BDFBD0B5C955500465046 /* Build configuration list for PBXAggregateTarget "Release Package" */;
			buildPhases = (
				B19BDFB20B5C94F200465046 /* CopyFiles */,
				D5C283AC11634F8000409452 /* ShellScript */,
			);
			dependencies = (
				B19BDFB50B5C94FA00465046 /* PBXTargetDependency */,
			);
			name = "Release Package";
			productName = "Release Package";
		};
/* End PBXAggregateTarget section */

/* Begin PBXBuildFile section */
		2C4528A70909AACB003C0369 /* Carbon.framework in Frameworks */ = {isa = PBXBuildFile; fileRef = 2C4528A60909AACB003C0369 /* Carbon.framework */; };
		2C4528B20909AAE5003C0369 /* IOKit.framework in Frameworks */ = {isa = PBXBuildFile; fileRef = 2C4528B10909AAE5003C0369 /* IOKit.framework */; };
		2C9DB948090675EB0039C62A /* addprojecttool.png in Resources */ = {isa = PBXBuildFile; fileRef = 2C9DB944090675EB0039C62A /* addprojecttool.png */; };
		2C9DB949090675EB0039C62A /* addtasktool.png in Resources */ = {isa = PBXBuildFile; fileRef = 2C9DB945090675EB0039C62A /* addtasktool.png */; };
		2C9DB94A090675EB0039C62A /* playtool.png in Resources */ = {isa = PBXBuildFile; fileRef = 2C9DB946090675EB0039C62A /* playtool.png */; };
		2C9DB94B090675EB0039C62A /* stoptool.png in Resources */ = {isa = PBXBuildFile; fileRef = 2C9DB947090675EB0039C62A /* stoptool.png */; };
		2C9DB974090677B20039C62A /* Icon.icns in Resources */ = {isa = PBXBuildFile; fileRef = 2C9DB973090677B20039C62A /* Icon.icns */; };
		2C9DD71B0905824F00AA5C6E /* playitem_hl.png in Resources */ = {isa = PBXBuildFile; fileRef = 2C9DD7170905824F00AA5C6E /* playitem_hl.png */; };
		2C9DD71C0905824F00AA5C6E /* playitem.png in Resources */ = {isa = PBXBuildFile; fileRef = 2C9DD7180905824F00AA5C6E /* playitem.png */; };
		2C9DD71D0905824F00AA5C6E /* stopitem_hl.png in Resources */ = {isa = PBXBuildFile; fileRef = 2C9DD7190905824F00AA5C6E /* stopitem_hl.png */; };
		2C9DD71E0905824F00AA5C6E /* stopitem.png in Resources */ = {isa = PBXBuildFile; fileRef = 2C9DD71A0905824F00AA5C6E /* stopitem.png */; };
		2C9EC8D20905A5F2000651F2 /* TTask.m in Sources */ = {isa = PBXBuildFile; fileRef = 2C9EC8D10905A5F2000651F2 /* TTask.m */; };
		2C9EC8D70905A5FE000651F2 /* TProject.m in Sources */ = {isa = PBXBuildFile; fileRef = 2C9EC8D60905A5FE000651F2 /* TProject.m */; };
		2C9EC93F0905A9F6000651F2 /* TimeIntervalFormatter.m in Sources */ = {isa = PBXBuildFile; fileRef = 2C9EC93E0905A9F6000651F2 /* TimeIntervalFormatter.m */; };
		2C9EC9540905ABAE000651F2 /* TWorkPeriod.m in Sources */ = {isa = PBXBuildFile; fileRef = 2C9EC9530905ABAE000651F2 /* TWorkPeriod.m */; };
		8D11072B0486CEB800E47090 /* InfoPlist.strings in Resources */ = {isa = PBXBuildFile; fileRef = 089C165CFE840E0CC02AAC07 /* InfoPlist.strings */; };
		8D11072D0486CEB800E47090 /* main.m in Sources */ = {isa = PBXBuildFile; fileRef = 29B97316FDCFA39411CA2CEA /* main.m */; settings = {ATTRIBUTES = (); }; };
		8D11072F0486CEB800E47090 /* Cocoa.framework in Frameworks */ = {isa = PBXBuildFile; fileRef = 1058C7A1FEA54F0111CA2CBB /* Cocoa.framework */; };
		B19BDFBC0B5C953700465046 /* Time Tracker.app in CopyFiles */ = {isa = PBXBuildFile; fileRef = 8D1107320486CEB800E47090 /* Time Tracker.app */; };
		B1AB15830CEBC9A50025CF12 /* Sparkle.framework in Frameworks */ = {isa = PBXBuildFile; fileRef = B1AB15820CEBC9A50025CF12 /* Sparkle.framework */; };
		B1AB159D0CEBC9FC0025CF12 /* Sparkle.framework in CopyFiles */ = {isa = PBXBuildFile; fileRef = B1AB15820CEBC9A50025CF12 /* Sparkle.framework */; };
		D5235EC712381828005D0C38 /* BWToolkitFramework.framework in Frameworks */ = {isa = PBXBuildFile; fileRef = D5235E6312381828005D0C38 /* BWToolkitFramework.framework */; };
		D5235EC812381828005D0C38 /* Info.plist in Resources */ = {isa = PBXBuildFile; fileRef = D5235E6412381828005D0C38 /* Info.plist */; };
		D5235EC912381828005D0C38 /* BWToolkit in Resources */ = {isa = PBXBuildFile; fileRef = D5235E6612381828005D0C38 /* BWToolkit */; };
		D5235ECA12381828005D0C38 /* BWAddMiniBottomBar.classdescription in Resources */ = {isa = PBXBuildFile; fileRef = D5235E6812381828005D0C38 /* BWAddMiniBottomBar.classdescription */; };
		D5235ECB12381828005D0C38 /* BWAddRegularBottomBar.classdescription in Resources */ = {isa = PBXBuildFile; fileRef = D5235E6912381828005D0C38 /* BWAddRegularBottomBar.classdescription */; };
		D5235ECC12381828005D0C38 /* BWAddSmallBottomBar.classdescription in Resources */ = {isa = PBXBuildFile; fileRef = D5235E6A12381828005D0C38 /* BWAddSmallBottomBar.classdescription */; };
		D5235ECD12381828005D0C38 /* BWAnchoredButton.classdescription in Resources */ = {isa = PBXBuildFile; fileRef = D5235E6B12381828005D0C38 /* BWAnchoredButton.classdescription */; };
		D5235ECE12381828005D0C38 /* BWAnchoredButtonBar.classdescription in Resources */ = {isa = PBXBuildFile; fileRef = D5235E6C12381828005D0C38 /* BWAnchoredButtonBar.classdescription */; };
		D5235ECF12381828005D0C38 /* BWAnchoredButtonBarInspector.nib in Resources */ = {isa = PBXBuildFile; fileRef = D5235E6D12381828005D0C38 /* BWAnchoredButtonBarInspector.nib */; };
		D5235ED012381828005D0C38 /* BWAnchoredPopUpButton.classdescription in Resources */ = {isa = PBXBuildFile; fileRef = D5235E6E12381828005D0C38 /* BWAnchoredPopUpButton.classdescription */; };
		D5235ED112381828005D0C38 /* BWBottomBarLibrary.nib in Resources */ = {isa = PBXBuildFile; fileRef = D5235E6F12381828005D0C38 /* BWBottomBarLibrary.nib */; };
		D5235ED212381828005D0C38 /* BWButtonBarLibrary.nib in Resources */ = {isa = PBXBuildFile; fileRef = D5235E7012381828005D0C38 /* BWButtonBarLibrary.nib */; };
		D5235ED312381828005D0C38 /* BWControllersLibrary.nib in Resources */ = {isa = PBXBuildFile; fileRef = D5235E7112381828005D0C38 /* BWControllersLibrary.nib */; };
		D5235ED412381828005D0C38 /* BWGradientBoxInspector.nib in Resources */ = {isa = PBXBuildFile; fileRef = D5235E7212381828005D0C38 /* BWGradientBoxInspector.nib */; };
		D5235ED512381828005D0C38 /* BWHyperlinkButtonInspector.nib in Resources */ = {isa = PBXBuildFile; fileRef = D5235E7312381828005D0C38 /* BWHyperlinkButtonInspector.nib */; };
		D5235ED612381828005D0C38 /* BWInsetTextField.classdescription in Resources */ = {isa = PBXBuildFile; fileRef = D5235E7412381828005D0C38 /* BWInsetTextField.classdescription */; };
		D5235ED712381828005D0C38 /* BWRemoveBottomBar.classdescription in Resources */ = {isa = PBXBuildFile; fileRef = D5235E7512381828005D0C38 /* BWRemoveBottomBar.classdescription */; };
		D5235ED812381828005D0C38 /* BWSelectableToolbar.classdescription in Resources */ = {isa = PBXBuildFile; fileRef = D5235E7612381828005D0C38 /* BWSelectableToolbar.classdescription */; };
		D5235ED912381828005D0C38 /* BWSelectableToolbarInspector.nib in Resources */ = {isa = PBXBuildFile; fileRef = D5235E7712381828005D0C38 /* BWSelectableToolbarInspector.nib */; };
		D5235EDA12381828005D0C38 /* BWSheetController.classdescription in Resources */ = {isa = PBXBuildFile; fileRef = D5235E7812381828005D0C38 /* BWSheetController.classdescription */; };
		D5235EDB12381828005D0C38 /* BWSplitView.classdescription in Resources */ = {isa = PBXBuildFile; fileRef = D5235E7912381828005D0C38 /* BWSplitView.classdescription */; };
		D5235EDC12381828005D0C38 /* BWSplitViewInspector.nib in Resources */ = {isa = PBXBuildFile; fileRef = D5235E7A12381828005D0C38 /* BWSplitViewInspector.nib */; };
		D5235EDD12381828005D0C38 /* BWSplitViewLibrary.nib in Resources */ = {isa = PBXBuildFile; fileRef = D5235E7B12381828005D0C38 /* BWSplitViewLibrary.nib */; };
		D5235EDE12381828005D0C38 /* BWStyledTextFieldInspector.nib in Resources */ = {isa = PBXBuildFile; fileRef = D5235E7C12381828005D0C38 /* BWStyledTextFieldInspector.nib */; };
		D5235EDF12381828005D0C38 /* BWTexturedSlider.classdescription in Resources */ = {isa = PBXBuildFile; fileRef = D5235E7D12381828005D0C38 /* BWTexturedSlider.classdescription */; };
		D5235EE012381828005D0C38 /* BWTexturedSliderCell.classdescription in Resources */ = {isa = PBXBuildFile; fileRef = D5235E7E12381828005D0C38 /* BWTexturedSliderCell.classdescription */; };
		D5235EE112381828005D0C38 /* BWTexturedSliderInspector.nib in Resources */ = {isa = PBXBuildFile; fileRef = D5235E7F12381828005D0C38 /* BWTexturedSliderInspector.nib */; };
		D5235EE212381828005D0C38 /* BWTokenField.classdescription in Resources */ = {isa = PBXBuildFile; fileRef = D5235E8012381828005D0C38 /* BWTokenField.classdescription */; };
		D5235EE312381828005D0C38 /* BWTokenFieldCell.classdescription in Resources */ = {isa = PBXBuildFile; fileRef = D5235E8112381828005D0C38 /* BWTokenFieldCell.classdescription */; };
		D5235EE412381828005D0C38 /* BWToolbarItem.classdescription in Resources */ = {isa = PBXBuildFile; fileRef = D5235E8212381828005D0C38 /* BWToolbarItem.classdescription */; };
		D5235EE512381828005D0C38 /* BWToolbarItemInspector.nib in Resources */ = {isa = PBXBuildFile; fileRef = D5235E8312381828005D0C38 /* BWToolbarItemInspector.nib */; };
		D5235EE612381828005D0C38 /* BWToolbarItemsLibrary.nib in Resources */ = {isa = PBXBuildFile; fileRef = D5235E8412381828005D0C38 /* BWToolbarItemsLibrary.nib */; };
		D5235EE712381828005D0C38 /* BWToolbarShowColorsItem.classdescription in Resources */ = {isa = PBXBuildFile; fileRef = D5235E8512381828005D0C38 /* BWToolbarShowColorsItem.classdescription */; };
		D5235EE812381828005D0C38 /* BWToolbarShowFontsItem.classdescription in Resources */ = {isa = PBXBuildFile; fileRef = D5235E8612381828005D0C38 /* BWToolbarShowFontsItem.classdescription */; };
		D5235EE912381828005D0C38 /* BWTransparentButton.classdescription in Resources */ = {isa = PBXBuildFile; fileRef = D5235E8712381828005D0C38 /* BWTransparentButton.classdescription */; };
		D5235EEA12381828005D0C38 /* BWTransparentButtonCell.classdescription in Resources */ = {isa = PBXBuildFile; fileRef = D5235E8812381828005D0C38 /* BWTransparentButtonCell.classdescription */; };
		D5235EEB12381828005D0C38 /* BWTransparentCheckbox.classdescription in Resources */ = {isa = PBXBuildFile; fileRef = D5235E8912381828005D0C38 /* BWTransparentCheckbox.classdescription */; };
		D5235EEC12381828005D0C38 /* BWTransparentCheckboxCell.classdescription in Resources */ = {isa = PBXBuildFile; fileRef = D5235E8A12381828005D0C38 /* BWTransparentCheckboxCell.classdescription */; };
		D5235EED12381828005D0C38 /* BWTransparentControlsLibrary.nib in Resources */ = {isa = PBXBuildFile; fileRef = D5235E8B12381828005D0C38 /* BWTransparentControlsLibrary.nib */; };
		D5235EEE12381828005D0C38 /* BWTransparentPopUpButton.classdescription in Resources */ = {isa = PBXBuildFile; fileRef = D5235E8C12381828005D0C38 /* BWTransparentPopUpButton.classdescription */; };
		D5235EEF12381828005D0C38 /* BWTransparentPopUpButtonCell.classdescription in Resources */ = {isa = PBXBuildFile; fileRef = D5235E8D12381828005D0C38 /* BWTransparentPopUpButtonCell.classdescription */; };
		D5235EF012381828005D0C38 /* BWTransparentScroller.classdescription in Resources */ = {isa = PBXBuildFile; fileRef = D5235E8E12381828005D0C38 /* BWTransparentScroller.classdescription */; };
		D5235EF112381828005D0C38 /* BWTransparentSlider.classdescription in Resources */ = {isa = PBXBuildFile; fileRef = D5235E8F12381828005D0C38 /* BWTransparentSlider.classdescription */; };
		D5235EF212381828005D0C38 /* BWTransparentSliderCell.classdescription in Resources */ = {isa = PBXBuildFile; fileRef = D5235E9012381828005D0C38 /* BWTransparentSliderCell.classdescription */; };
		D5235EF312381828005D0C38 /* BWTransparentTableView.classdescription in Resources */ = {isa = PBXBuildFile; fileRef = D5235E9112381828005D0C38 /* BWTransparentTableView.classdescription */; };
		D5235EF412381828005D0C38 /* BWTransparentTableViewCell.classdescription in Resources */ = {isa = PBXBuildFile; fileRef = D5235E9212381828005D0C38 /* BWTransparentTableViewCell.classdescription */; };
		D5235EF512381828005D0C38 /* BWTransparentTextFieldCell.classdescription in Resources */ = {isa = PBXBuildFile; fileRef = D5235E9312381828005D0C38 /* BWTransparentTextFieldCell.classdescription */; };
		D5235EF612381828005D0C38 /* GradientWellPattern.tif in Resources */ = {isa = PBXBuildFile; fileRef = D5235E9812381828005D0C38 /* GradientWellPattern.tif */; };
		D5235EF712381828005D0C38 /* Inspector-ButtonBarMode1.tif in Resources */ = {isa = PBXBuildFile; fileRef = D5235E9912381828005D0C38 /* Inspector-ButtonBarMode1.tif */; };
		D5235EF812381828005D0C38 /* Inspector-ButtonBarMode1Pressed.tif in Resources */ = {isa = PBXBuildFile; fileRef = D5235E9A12381828005D0C38 /* Inspector-ButtonBarMode1Pressed.tif */; };
		D5235EF912381828005D0C38 /* Inspector-ButtonBarMode2.tif in Resources */ = {isa = PBXBuildFile; fileRef = D5235E9B12381828005D0C38 /* Inspector-ButtonBarMode2.tif */; };
		D5235EFA12381828005D0C38 /* Inspector-ButtonBarMode2Pressed.tif in Resources */ = {isa = PBXBuildFile; fileRef = D5235E9C12381828005D0C38 /* Inspector-ButtonBarMode2Pressed.tif */; };
		D5235EFB12381828005D0C38 /* Inspector-ButtonBarMode3.tif in Resources */ = {isa = PBXBuildFile; fileRef = D5235E9D12381828005D0C38 /* Inspector-ButtonBarMode3.tif */; };
		D5235EFC12381828005D0C38 /* Inspector-ButtonBarMode3Pressed.tif in Resources */ = {isa = PBXBuildFile; fileRef = D5235E9E12381828005D0C38 /* Inspector-ButtonBarMode3Pressed.tif */; };
		D5235EFD12381828005D0C38 /* Inspector-ButtonBarModeSelection.tif in Resources */ = {isa = PBXBuildFile; fileRef = D5235E9F12381828005D0C38 /* Inspector-ButtonBarModeSelection.tif */; };
		D5235EFE12381828005D0C38 /* Inspector-SplitViewArrowBlueLeft.tif in Resources */ = {isa = PBXBuildFile; fileRef = D5235EA012381828005D0C38 /* Inspector-SplitViewArrowBlueLeft.tif */; };
		D5235EFF12381828005D0C38 /* Inspector-SplitViewArrowBlueRight.tif in Resources */ = {isa = PBXBuildFile; fileRef = D5235EA112381828005D0C38 /* Inspector-SplitViewArrowBlueRight.tif */; };
		D5235F0012381828005D0C38 /* Inspector-SplitViewArrowRedFill.tif in Resources */ = {isa = PBXBuildFile; fileRef = D5235EA212381828005D0C38 /* Inspector-SplitViewArrowRedFill.tif */; };
		D5235F0112381828005D0C38 /* Inspector-SplitViewArrowRedLeft.tif in Resources */ = {isa = PBXBuildFile; fileRef = D5235EA312381828005D0C38 /* Inspector-SplitViewArrowRedLeft.tif */; };
		D5235F0212381828005D0C38 /* Inspector-SplitViewArrowRedRight.tif in Resources */ = {isa = PBXBuildFile; fileRef = D5235EA412381828005D0C38 /* Inspector-SplitViewArrowRedRight.tif */; };
		D5235F0312381828005D0C38 /* Inspector-SplitViewBackground.tiff in Resources */ = {isa = PBXBuildFile; fileRef = D5235EA512381828005D0C38 /* Inspector-SplitViewBackground.tiff */; };
		D5235F0412381828005D0C38 /* Library-AddMiniBottomBar.tif in Resources */ = {isa = PBXBuildFile; fileRef = D5235EA612381828005D0C38 /* Library-AddMiniBottomBar.tif */; };
		D5235F0512381828005D0C38 /* Library-AddRegularBottomBar.tif in Resources */ = {isa = PBXBuildFile; fileRef = D5235EA712381828005D0C38 /* Library-AddRegularBottomBar.tif */; };
		D5235F0612381828005D0C38 /* Library-AddSheetBottomBar.tif in Resources */ = {isa = PBXBuildFile; fileRef = D5235EA812381828005D0C38 /* Library-AddSheetBottomBar.tif */; };
		D5235F0712381828005D0C38 /* Library-AddSmallBottomBar.tif in Resources */ = {isa = PBXBuildFile; fileRef = D5235EA912381828005D0C38 /* Library-AddSmallBottomBar.tif */; };
		D5235F0812381828005D0C38 /* Library-AnchoredButton.tif in Resources */ = {isa = PBXBuildFile; fileRef = D5235EAA12381828005D0C38 /* Library-AnchoredButton.tif */; };
		D5235F0912381828005D0C38 /* Library-AnchoredButtonBar.tif in Resources */ = {isa = PBXBuildFile; fileRef = D5235EAB12381828005D0C38 /* Library-AnchoredButtonBar.tif */; };
		D5235F0A12381828005D0C38 /* Library-AnchoredPopUpButton.tif in Resources */ = {isa = PBXBuildFile; fileRef = D5235EAC12381828005D0C38 /* Library-AnchoredPopUpButton.tif */; };
		D5235F0B12381828005D0C38 /* Library-GradientBox.tif in Resources */ = {isa = PBXBuildFile; fileRef = D5235EAD12381828005D0C38 /* Library-GradientBox.tif */; };
		D5235F0C12381828005D0C38 /* Library-GradientSplitView.tif in Resources */ = {isa = PBXBuildFile; fileRef = D5235EAE12381828005D0C38 /* Library-GradientSplitView.tif */; };
		D5235F0D12381828005D0C38 /* Library-HorizontalSplitView.tif in Resources */ = {isa = PBXBuildFile; fileRef = D5235EAF12381828005D0C38 /* Library-HorizontalSplitView.tif */; };
		D5235F0E12381828005D0C38 /* Library-InsetTextField.tif in Resources */ = {isa = PBXBuildFile; fileRef = D5235EB012381828005D0C38 /* Library-InsetTextField.tif */; };
		D5235F0F12381828005D0C38 /* Library-RemoveBottomBar.tif in Resources */ = {isa = PBXBuildFile; fileRef = D5235EB112381828005D0C38 /* Library-RemoveBottomBar.tif */; };
		D5235F1012381828005D0C38 /* Library-SelectableToolbar.tif in Resources */ = {isa = PBXBuildFile; fileRef = D5235EB212381828005D0C38 /* Library-SelectableToolbar.tif */; };
		D5235F1112381828005D0C38 /* Library-SheetController.tif in Resources */ = {isa = PBXBuildFile; fileRef = D5235EB312381828005D0C38 /* Library-SheetController.tif */; };
		D5235F1212381828005D0C38 /* Library-ShowColors.tif in Resources */ = {isa = PBXBuildFile; fileRef = D5235EB412381828005D0C38 /* Library-ShowColors.tif */; };
		D5235F1312381828005D0C38 /* Library-ShowFonts.tif in Resources */ = {isa = PBXBuildFile; fileRef = D5235EB512381828005D0C38 /* Library-ShowFonts.tif */; };
		D5235F1412381828005D0C38 /* Library-StyledTextField.tif in Resources */ = {isa = PBXBuildFile; fileRef = D5235EB612381828005D0C38 /* Library-StyledTextField.tif */; };
		D5235F1512381828005D0C38 /* Library-TexturedAddButton.tif in Resources */ = {isa = PBXBuildFile; fileRef = D5235EB712381828005D0C38 /* Library-TexturedAddButton.tif */; };
		D5235F1612381828005D0C38 /* Library-TexturedRemoveButton.tif in Resources */ = {isa = PBXBuildFile; fileRef = D5235EB812381828005D0C38 /* Library-TexturedRemoveButton.tif */; };
		D5235F1712381828005D0C38 /* Library-TexturedSlider.tif in Resources */ = {isa = PBXBuildFile; fileRef = D5235EB912381828005D0C38 /* Library-TexturedSlider.tif */; };
		D5235F1812381828005D0C38 /* Library-TokenField.tif in Resources */ = {isa = PBXBuildFile; fileRef = D5235EBA12381828005D0C38 /* Library-TokenField.tif */; };
		D5235F1912381828005D0C38 /* Library-ToolbarItem.tiff in Resources */ = {isa = PBXBuildFile; fileRef = D5235EBB12381828005D0C38 /* Library-ToolbarItem.tiff */; };
		D5235F1A12381828005D0C38 /* Library-TransparentButton.tif in Resources */ = {isa = PBXBuildFile; fileRef = D5235EBC12381828005D0C38 /* Library-TransparentButton.tif */; };
		D5235F1B12381828005D0C38 /* Library-TransparentCheckbox.tif in Resources */ = {isa = PBXBuildFile; fileRef = D5235EBD12381828005D0C38 /* Library-TransparentCheckbox.tif */; };
		D5235F1C12381828005D0C38 /* Library-TransparentCheckboxCell.tif in Resources */ = {isa = PBXBuildFile; fileRef = D5235EBE12381828005D0C38 /* Library-TransparentCheckboxCell.tif */; };
		D5235F1D12381828005D0C38 /* Library-TransparentLabel.tif in Resources */ = {isa = PBXBuildFile; fileRef = D5235EBF12381828005D0C38 /* Library-TransparentLabel.tif */; };
		D5235F1E12381828005D0C38 /* Library-TransparentPopUpButton.tif in Resources */ = {isa = PBXBuildFile; fileRef = D5235EC012381828005D0C38 /* Library-TransparentPopUpButton.tif */; };
		D5235F1F12381828005D0C38 /* Library-TransparentSlider.tif in Resources */ = {isa = PBXBuildFile; fileRef = D5235EC112381828005D0C38 /* Library-TransparentSlider.tif */; };
		D5235F2012381828005D0C38 /* Library-TransparentTableView.tif in Resources */ = {isa = PBXBuildFile; fileRef = D5235EC212381828005D0C38 /* Library-TransparentTableView.tif */; };
		D5235F2112381828005D0C38 /* Library-TransparentTextView.tif in Resources */ = {isa = PBXBuildFile; fileRef = D5235EC312381828005D0C38 /* Library-TransparentTextView.tif */; };
		D5235F2212381828005D0C38 /* Library-VerticalSplitView.tif in Resources */ = {isa = PBXBuildFile; fileRef = D5235EC412381828005D0C38 /* Library-VerticalSplitView.tif */; };
		D5235F2312381828005D0C38 /* ToolbarItemColors.tiff in Resources */ = {isa = PBXBuildFile; fileRef = D5235EC512381828005D0C38 /* ToolbarItemColors.tiff */; };
		D5235F2412381828005D0C38 /* ToolbarItemFonts.tiff in Resources */ = {isa = PBXBuildFile; fileRef = D5235EC612381828005D0C38 /* ToolbarItemFonts.tiff */; };
		D546669810B76A1A001982C1 /* SearchQuery.m in Sources */ = {isa = PBXBuildFile; fileRef = D546669710B76A1A001982C1 /* SearchQuery.m */; };
		D546686E10B81E00001982C1 /* CaseInsensitivePredicateTemplate.m in Sources */ = {isa = PBXBuildFile; fileRef = D546686310B81E00001982C1 /* CaseInsensitivePredicateTemplate.m */; };
		D546686F10B81E00001982C1 /* MainController.m in Sources */ = {isa = PBXBuildFile; fileRef = D546686510B81E00001982C1 /* MainController.m */; };
		D546687010B81E00001982C1 /* PreferencesController.m in Sources */ = {isa = PBXBuildFile; fileRef = D546686710B81E00001982C1 /* PreferencesController.m */; };
		D546687110B81E00001982C1 /* StartTaskMenuDelegate.m in Sources */ = {isa = PBXBuildFile; fileRef = D546686910B81E00001982C1 /* StartTaskMenuDelegate.m */; };
		D546687210B81E00001982C1 /* TTPredicateEditorViewController.m in Sources */ = {isa = PBXBuildFile; fileRef = D546686B10B81E00001982C1 /* TTPredicateEditorViewController.m */; };
		D546687310B81E00001982C1 /* TTQueryController.m in Sources */ = {isa = PBXBuildFile; fileRef = D546686D10B81E00001982C1 /* TTQueryController.m */; };
		D5488F3B1139C84A00E1C28C /* WeekdayPredicateTemplate.m in Sources */ = {isa = PBXBuildFile; fileRef = D5488F3A1139C84A00E1C28C /* WeekdayPredicateTemplate.m */; };
		D54CEB3810C0828200CD8B31 /* DatePredicateTemplate.m in Sources */ = {isa = PBXBuildFile; fileRef = D54CEB3710C0828200CD8B31 /* DatePredicateTemplate.m */; };
		D555336E115C140F000D3B99 /* dsa_pub.pem in Resources */ = {isa = PBXBuildFile; fileRef = D555336D115C140F000D3B99 /* dsa_pub.pem */; };
		D57299A710C2A92700B8CB4F /* WorkPeriodMainPredicateTemplate.m in Sources */ = {isa = PBXBuildFile; fileRef = D57299A610C2A92700B8CB4F /* WorkPeriodMainPredicateTemplate.m */; };
		D581A8140CFF3BBA006A0DC1 /* TMetaProject.m in Sources */ = {isa = PBXBuildFile; fileRef = D581A8110CFF3BBA006A0DC1 /* TMetaProject.m */; };
		D581A8150CFF3BBA006A0DC1 /* TMetaTask.m in Sources */ = {isa = PBXBuildFile; fileRef = D581A8130CFF3BBA006A0DC1 /* TMetaTask.m */; };
		D588FB9111B1C93300D7A8B0 /* TTaskNameTransformer.m in Sources */ = {isa = PBXBuildFile; fileRef = D588FB9011B1C93300D7A8B0 /* TTaskNameTransformer.m */; };
		D5A7616F10C1C24A004B88C7 /* MainMenu.xib in Resources */ = {isa = PBXBuildFile; fileRef = D5A7616D10C1C24A004B88C7 /* MainMenu.xib */; };
		D5A871410E6E783500F41819 /* TDateTransformer.m in Sources */ = {isa = PBXBuildFile; fileRef = D5A871400E6E783500F41819 /* TDateTransformer.m */; };
		D5AED85610C5AD8600AB1EE0 /* TTTimeProvider.m in Sources */ = {isa = PBXBuildFile; fileRef = D5AED85510C5AD8600AB1EE0 /* TTTimeProvider.m */; };
		D5B0A2C80D24D15A004DBF70 /* pickdateofftool.png in Resources */ = {isa = PBXBuildFile; fileRef = D5B0A2C60D24D15A004DBF70 /* pickdateofftool.png */; };
		D5B0A2C90D24D15A004DBF70 /* pickdatetool.png in Resources */ = {isa = PBXBuildFile; fileRef = D5B0A2C70D24D15A004DBF70 /* pickdatetool.png */; };
		D5C934DC112C8E7800559D60 /* TTParsedPredicate.m in Sources */ = {isa = PBXBuildFile; fileRef = D5C934DB112C8E7800559D60 /* TTParsedPredicate.m */; };
		D5C9939C11636AFB00AFCE6E /* ChangeLog.yml in Resources */ = {isa = PBXBuildFile; fileRef = D5C9939B11636AFB00AFCE6E /* ChangeLog.yml */; };
		D5CB9CFA11E2054400E3283E /* TaskEditorController.m in Sources */ = {isa = PBXBuildFile; fileRef = D5CB9CF911E2054400E3283E /* TaskEditorController.m */; };
		D5CB9D0011E2055D00E3283E /* TaskEditor.xib in Resources */ = {isa = PBXBuildFile; fileRef = D5CB9CFE11E2055D00E3283E /* TaskEditor.xib */; };
		D5D3175512382E17003A416A /* RSRTVArrayController.m in Sources */ = {isa = PBXBuildFile; fileRef = D5D3175412382E17003A416A /* RSRTVArrayController.m */; };
		D5E58E400D243A21003020AA /* dayofftool.png in Resources */ = {isa = PBXBuildFile; fileRef = D5E58E3A0D243A21003020AA /* dayofftool.png */; };
		D5E58E410D243A21003020AA /* daytool.png in Resources */ = {isa = PBXBuildFile; fileRef = D5E58E3B0D243A21003020AA /* daytool.png */; };
		D5E58E420D243A21003020AA /* monthofftool.png in Resources */ = {isa = PBXBuildFile; fileRef = D5E58E3C0D243A21003020AA /* monthofftool.png */; };
		D5E58E430D243A21003020AA /* monthtool.png in Resources */ = {isa = PBXBuildFile; fileRef = D5E58E3D0D243A21003020AA /* monthtool.png */; };
		D5E58E440D243A21003020AA /* weekofftool.png in Resources */ = {isa = PBXBuildFile; fileRef = D5E58E3E0D243A21003020AA /* weekofftool.png */; };
		D5E58E450D243A21003020AA /* weektool.png in Resources */ = {isa = PBXBuildFile; fileRef = D5E58E3F0D243A21003020AA /* weektool.png */; };
		D5E913AF123833D00044A9C4 /* TTaskMover.m in Sources */ = {isa = PBXBuildFile; fileRef = D5E913AE123833D00044A9C4 /* TTaskMover.m */; };
		D5FEF87910BDD87900915321 /* BWToolkitFramework.framework in Frameworks */ = {isa = PBXBuildFile; fileRef = D5FEF87810BDD87900915321 /* BWToolkitFramework.framework */; };
		D5FEF8D110BDDA2100915321 /* BWToolkitFramework.framework in CopyFiles */ = {isa = PBXBuildFile; fileRef = D5FEF87810BDD87900915321 /* BWToolkitFramework.framework */; };
/* End PBXBuildFile section */

/* Begin PBXContainerItemProxy section */
		B19BDFB40B5C94FA00465046 /* PBXContainerItemProxy */ = {
			isa = PBXContainerItemProxy;
			containerPortal = 29B97313FDCFA39411CA2CEA /* Project object */;
			proxyType = 1;
			remoteGlobalIDString = 8D1107260486CEB800E47090;
			remoteInfo = "Time Tracker";
		};
/* End PBXContainerItemProxy section */

/* Begin PBXCopyFilesBuildPhase section */
		B19BDFB20B5C94F200465046 /* CopyFiles */ = {
			isa = PBXCopyFilesBuildPhase;
			buildActionMask = 2147483647;
			dstPath = "Release-$(CURRENT_PROJECT_VERSION)";
			dstSubfolderSpec = 16;
			files = (
				B19BDFBC0B5C953700465046 /* Time Tracker.app in CopyFiles */,
			);
			runOnlyForDeploymentPostprocessing = 0;
		};
		B1AB15990CEBC9E00025CF12 /* CopyFiles */ = {
			isa = PBXCopyFilesBuildPhase;
			buildActionMask = 2147483647;
			dstPath = "";
			dstSubfolderSpec = 10;
			files = (
				D5FEF8D110BDDA2100915321 /* BWToolkitFramework.framework in CopyFiles */,
				B1AB159D0CEBC9FC0025CF12 /* Sparkle.framework in CopyFiles */,
			);
			runOnlyForDeploymentPostprocessing = 0;
		};
/* End PBXCopyFilesBuildPhase section */

/* Begin PBXFileReference section */
		089C165DFE840E0CC02AAC07 /* English */ = {isa = PBXFileReference; fileEncoding = 4; lastKnownFileType = text.plist.strings; name = English; path = English.lproj/InfoPlist.strings; sourceTree = "<group>"; };
		1058C7A1FEA54F0111CA2CBB /* Cocoa.framework */ = {isa = PBXFileReference; lastKnownFileType = wrapper.framework; name = Cocoa.framework; path = /System/Library/Frameworks/Cocoa.framework; sourceTree = "<absolute>"; };
		13E42FB307B3F0F600E4EEF1 /* CoreData.framework */ = {isa = PBXFileReference; lastKnownFileType = wrapper.framework; name = CoreData.framework; path = /System/Library/Frameworks/CoreData.framework; sourceTree = "<absolute>"; };
		29B97316FDCFA39411CA2CEA /* main.m */ = {isa = PBXFileReference; fileEncoding = 4; lastKnownFileType = sourcecode.c.objc; path = main.m; sourceTree = "<group>"; };
		29B97324FDCFA39411CA2CEA /* AppKit.framework */ = {isa = PBXFileReference; lastKnownFileType = wrapper.framework; name = AppKit.framework; path = /System/Library/Frameworks/AppKit.framework; sourceTree = "<absolute>"; };
		29B97325FDCFA39411CA2CEA /* Foundation.framework */ = {isa = PBXFileReference; lastKnownFileType = wrapper.framework; name = Foundation.framework; path = /System/Library/Frameworks/Foundation.framework; sourceTree = "<absolute>"; };
		2C4528A60909AACB003C0369 /* Carbon.framework */ = {isa = PBXFileReference; lastKnownFileType = wrapper.framework; name = Carbon.framework; path = /System/Library/Frameworks/Carbon.framework; sourceTree = "<absolute>"; };
		2C4528B10909AAE5003C0369 /* IOKit.framework */ = {isa = PBXFileReference; lastKnownFileType = wrapper.framework; name = IOKit.framework; path = /System/Library/Frameworks/IOKit.framework; sourceTree = "<absolute>"; };
		2C9DB944090675EB0039C62A /* addprojecttool.png */ = {isa = PBXFileReference; lastKnownFileType = image.png; name = addprojecttool.png; path = Graphics/addprojecttool.png; sourceTree = "<group>"; };
		2C9DB945090675EB0039C62A /* addtasktool.png */ = {isa = PBXFileReference; lastKnownFileType = image.png; name = addtasktool.png; path = Graphics/addtasktool.png; sourceTree = "<group>"; };
		2C9DB946090675EB0039C62A /* playtool.png */ = {isa = PBXFileReference; lastKnownFileType = image.png; name = playtool.png; path = Graphics/playtool.png; sourceTree = "<group>"; };
		2C9DB947090675EB0039C62A /* stoptool.png */ = {isa = PBXFileReference; lastKnownFileType = image.png; name = stoptool.png; path = Graphics/stoptool.png; sourceTree = "<group>"; };
		2C9DB973090677B20039C62A /* Icon.icns */ = {isa = PBXFileReference; lastKnownFileType = image.icns; path = Icon.icns; sourceTree = "<group>"; };
		2C9DD7170905824F00AA5C6E /* playitem_hl.png */ = {isa = PBXFileReference; lastKnownFileType = image.png; name = playitem_hl.png; path = Graphics/playitem_hl.png; sourceTree = "<group>"; };
		2C9DD7180905824F00AA5C6E /* playitem.png */ = {isa = PBXFileReference; lastKnownFileType = image.png; name = playitem.png; path = Graphics/playitem.png; sourceTree = "<group>"; };
		2C9DD7190905824F00AA5C6E /* stopitem_hl.png */ = {isa = PBXFileReference; lastKnownFileType = image.png; name = stopitem_hl.png; path = Graphics/stopitem_hl.png; sourceTree = "<group>"; };
		2C9DD71A0905824F00AA5C6E /* stopitem.png */ = {isa = PBXFileReference; lastKnownFileType = image.png; name = stopitem.png; path = Graphics/stopitem.png; sourceTree = "<group>"; };
		2C9EC8D00905A5F2000651F2 /* TTask.h */ = {isa = PBXFileReference; fileEncoding = 4; lastKnownFileType = sourcecode.c.h; name = TTask.h; path = src/objc/TTask.h; sourceTree = "<group>"; };
		2C9EC8D10905A5F2000651F2 /* TTask.m */ = {isa = PBXFileReference; fileEncoding = 4; lastKnownFileType = sourcecode.c.objc; name = TTask.m; path = src/objc/TTask.m; sourceTree = "<group>"; };
		2C9EC8D50905A5FE000651F2 /* TProject.h */ = {isa = PBXFileReference; fileEncoding = 4; lastKnownFileType = sourcecode.c.h; name = TProject.h; path = src/objc/TProject.h; sourceTree = "<group>"; };
		2C9EC8D60905A5FE000651F2 /* TProject.m */ = {isa = PBXFileReference; fileEncoding = 4; lastKnownFileType = sourcecode.c.objc; name = TProject.m; path = src/objc/TProject.m; sourceTree = "<group>"; };
		2C9EC93D0905A9F6000651F2 /* TimeIntervalFormatter.h */ = {isa = PBXFileReference; fileEncoding = 4; lastKnownFileType = sourcecode.c.h; name = TimeIntervalFormatter.h; path = src/objc/TimeIntervalFormatter.h; sourceTree = "<group>"; };
		2C9EC93E0905A9F6000651F2 /* TimeIntervalFormatter.m */ = {isa = PBXFileReference; fileEncoding = 4; lastKnownFileType = sourcecode.c.objc; name = TimeIntervalFormatter.m; path = src/objc/TimeIntervalFormatter.m; sourceTree = "<group>"; };
		2C9EC9530905ABAE000651F2 /* TWorkPeriod.m */ = {isa = PBXFileReference; fileEncoding = 4; lastKnownFileType = sourcecode.c.objc; name = TWorkPeriod.m; path = src/objc/TWorkPeriod.m; sourceTree = "<group>"; };
		32CA4F630368D1EE00C91783 /* Time Tracker_Prefix.pch */ = {isa = PBXFileReference; fileEncoding = 4; lastKnownFileType = sourcecode.c.h; path = "Time Tracker_Prefix.pch"; sourceTree = "<group>"; };
		8D1107310486CEB800E47090 /* Info.plist */ = {isa = PBXFileReference; fileEncoding = 4; lastKnownFileType = text.plist; path = Info.plist; sourceTree = "<group>"; };
		8D1107320486CEB800E47090 /* Time Tracker.app */ = {isa = PBXFileReference; explicitFileType = wrapper.application; includeInIndex = 0; path = "Time Tracker.app"; sourceTree = BUILT_PRODUCTS_DIR; };
		B163D4040B646239007D0E2C /* AUTHORS.txt */ = {isa = PBXFileReference; fileEncoding = 4; lastKnownFileType = text; path = AUTHORS.txt; sourceTree = "<group>"; };
		B163D4050B646239007D0E2C /* LICENSE-GPL.txt */ = {isa = PBXFileReference; fileEncoding = 4; lastKnownFileType = text; path = "LICENSE-GPL.txt"; sourceTree = "<group>"; };
		B19BDFC10B5C956700465046 /* ChangeLog.txt */ = {isa = PBXFileReference; fileEncoding = 4; lastKnownFileType = text; path = ChangeLog.txt; sourceTree = SOURCE_ROOT; };
		B19BDFC20B5C956700465046 /* LICENSE.txt */ = {isa = PBXFileReference; fileEncoding = 4; lastKnownFileType = text; path = LICENSE.txt; sourceTree = SOURCE_ROOT; };
		B1AB15820CEBC9A50025CF12 /* Sparkle.framework */ = {isa = PBXFileReference; lastKnownFileType = wrapper.framework; path = Sparkle.framework; sourceTree = "<group>"; };
		D5235E6312381828005D0C38 /* BWToolkitFramework.framework */ = {isa = PBXFileReference; lastKnownFileType = wrapper.framework; path = BWToolkitFramework.framework; sourceTree = "<group>"; };
		D5235E6412381828005D0C38 /* Info.plist */ = {isa = PBXFileReference; fileEncoding = 4; lastKnownFileType = text.plist.xml; path = Info.plist; sourceTree = "<group>"; };
		D5235E6612381828005D0C38 /* BWToolkit */ = {isa = PBXFileReference; lastKnownFileType = "compiled.mach-o.bundle"; path = BWToolkit; sourceTree = "<group>"; };
		D5235E6812381828005D0C38 /* BWAddMiniBottomBar.classdescription */ = {isa = PBXFileReference; lastKnownFileType = text.plist.ibClassDescription; path = BWAddMiniBottomBar.classdescription; sourceTree = "<group>"; };
		D5235E6912381828005D0C38 /* BWAddRegularBottomBar.classdescription */ = {isa = PBXFileReference; lastKnownFileType = text.plist.ibClassDescription; path = BWAddRegularBottomBar.classdescription; sourceTree = "<group>"; };
		D5235E6A12381828005D0C38 /* BWAddSmallBottomBar.classdescription */ = {isa = PBXFileReference; lastKnownFileType = text.plist.ibClassDescription; path = BWAddSmallBottomBar.classdescription; sourceTree = "<group>"; };
		D5235E6B12381828005D0C38 /* BWAnchoredButton.classdescription */ = {isa = PBXFileReference; lastKnownFileType = text.plist.ibClassDescription; path = BWAnchoredButton.classdescription; sourceTree = "<group>"; };
		D5235E6C12381828005D0C38 /* BWAnchoredButtonBar.classdescription */ = {isa = PBXFileReference; lastKnownFileType = text.plist.ibClassDescription; path = BWAnchoredButtonBar.classdescription; sourceTree = "<group>"; };
		D5235E6D12381828005D0C38 /* BWAnchoredButtonBarInspector.nib */ = {isa = PBXFileReference; lastKnownFileType = file.bplist; path = BWAnchoredButtonBarInspector.nib; sourceTree = "<group>"; };
		D5235E6E12381828005D0C38 /* BWAnchoredPopUpButton.classdescription */ = {isa = PBXFileReference; lastKnownFileType = text.plist.ibClassDescription; path = BWAnchoredPopUpButton.classdescription; sourceTree = "<group>"; };
		D5235E6F12381828005D0C38 /* BWBottomBarLibrary.nib */ = {isa = PBXFileReference; lastKnownFileType = file.bplist; path = BWBottomBarLibrary.nib; sourceTree = "<group>"; };
		D5235E7012381828005D0C38 /* BWButtonBarLibrary.nib */ = {isa = PBXFileReference; lastKnownFileType = file.bplist; path = BWButtonBarLibrary.nib; sourceTree = "<group>"; };
		D5235E7112381828005D0C38 /* BWControllersLibrary.nib */ = {isa = PBXFileReference; lastKnownFileType = file.bplist; path = BWControllersLibrary.nib; sourceTree = "<group>"; };
		D5235E7212381828005D0C38 /* BWGradientBoxInspector.nib */ = {isa = PBXFileReference; lastKnownFileType = file.bplist; path = BWGradientBoxInspector.nib; sourceTree = "<group>"; };
		D5235E7312381828005D0C38 /* BWHyperlinkButtonInspector.nib */ = {isa = PBXFileReference; lastKnownFileType = file.bplist; path = BWHyperlinkButtonInspector.nib; sourceTree = "<group>"; };
		D5235E7412381828005D0C38 /* BWInsetTextField.classdescription */ = {isa = PBXFileReference; lastKnownFileType = text.plist.ibClassDescription; path = BWInsetTextField.classdescription; sourceTree = "<group>"; };
		D5235E7512381828005D0C38 /* BWRemoveBottomBar.classdescription */ = {isa = PBXFileReference; lastKnownFileType = text.plist.ibClassDescription; path = BWRemoveBottomBar.classdescription; sourceTree = "<group>"; };
		D5235E7612381828005D0C38 /* BWSelectableToolbar.classdescription */ = {isa = PBXFileReference; lastKnownFileType = text.plist.ibClassDescription; path = BWSelectableToolbar.classdescription; sourceTree = "<group>"; };
		D5235E7712381828005D0C38 /* BWSelectableToolbarInspector.nib */ = {isa = PBXFileReference; lastKnownFileType = file.bplist; path = BWSelectableToolbarInspector.nib; sourceTree = "<group>"; };
		D5235E7812381828005D0C38 /* BWSheetController.classdescription */ = {isa = PBXFileReference; lastKnownFileType = text.plist.ibClassDescription; path = BWSheetController.classdescription; sourceTree = "<group>"; };
		D5235E7912381828005D0C38 /* BWSplitView.classdescription */ = {isa = PBXFileReference; lastKnownFileType = text.plist.ibClassDescription; path = BWSplitView.classdescription; sourceTree = "<group>"; };
		D5235E7A12381828005D0C38 /* BWSplitViewInspector.nib */ = {isa = PBXFileReference; lastKnownFileType = file.bplist; path = BWSplitViewInspector.nib; sourceTree = "<group>"; };
		D5235E7B12381828005D0C38 /* BWSplitViewLibrary.nib */ = {isa = PBXFileReference; lastKnownFileType = file.bplist; path = BWSplitViewLibrary.nib; sourceTree = "<group>"; };
		D5235E7C12381828005D0C38 /* BWStyledTextFieldInspector.nib */ = {isa = PBXFileReference; lastKnownFileType = file.bplist; path = BWStyledTextFieldInspector.nib; sourceTree = "<group>"; };
		D5235E7D12381828005D0C38 /* BWTexturedSlider.classdescription */ = {isa = PBXFileReference; lastKnownFileType = text.plist.ibClassDescription; path = BWTexturedSlider.classdescription; sourceTree = "<group>"; };
		D5235E7E12381828005D0C38 /* BWTexturedSliderCell.classdescription */ = {isa = PBXFileReference; lastKnownFileType = text.plist.ibClassDescription; path = BWTexturedSliderCell.classdescription; sourceTree = "<group>"; };
		D5235E7F12381828005D0C38 /* BWTexturedSliderInspector.nib */ = {isa = PBXFileReference; lastKnownFileType = file.bplist; path = BWTexturedSliderInspector.nib; sourceTree = "<group>"; };
		D5235E8012381828005D0C38 /* BWTokenField.classdescription */ = {isa = PBXFileReference; lastKnownFileType = text.plist.ibClassDescription; path = BWTokenField.classdescription; sourceTree = "<group>"; };
		D5235E8112381828005D0C38 /* BWTokenFieldCell.classdescription */ = {isa = PBXFileReference; lastKnownFileType = text.plist.ibClassDescription; path = BWTokenFieldCell.classdescription; sourceTree = "<group>"; };
		D5235E8212381828005D0C38 /* BWToolbarItem.classdescription */ = {isa = PBXFileReference; lastKnownFileType = text.plist.ibClassDescription; path = BWToolbarItem.classdescription; sourceTree = "<group>"; };
		D5235E8312381828005D0C38 /* BWToolbarItemInspector.nib */ = {isa = PBXFileReference; lastKnownFileType = file.bplist; path = BWToolbarItemInspector.nib; sourceTree = "<group>"; };
		D5235E8412381828005D0C38 /* BWToolbarItemsLibrary.nib */ = {isa = PBXFileReference; lastKnownFileType = file.bplist; path = BWToolbarItemsLibrary.nib; sourceTree = "<group>"; };
		D5235E8512381828005D0C38 /* BWToolbarShowColorsItem.classdescription */ = {isa = PBXFileReference; lastKnownFileType = text.plist.ibClassDescription; path = BWToolbarShowColorsItem.classdescription; sourceTree = "<group>"; };
		D5235E8612381828005D0C38 /* BWToolbarShowFontsItem.classdescription */ = {isa = PBXFileReference; lastKnownFileType = text.plist.ibClassDescription; path = BWToolbarShowFontsItem.classdescription; sourceTree = "<group>"; };
		D5235E8712381828005D0C38 /* BWTransparentButton.classdescription */ = {isa = PBXFileReference; lastKnownFileType = text.plist.ibClassDescription; path = BWTransparentButton.classdescription; sourceTree = "<group>"; };
		D5235E8812381828005D0C38 /* BWTransparentButtonCell.classdescription */ = {isa = PBXFileReference; lastKnownFileType = text.plist.ibClassDescription; path = BWTransparentButtonCell.classdescription; sourceTree = "<group>"; };
		D5235E8912381828005D0C38 /* BWTransparentCheckbox.classdescription */ = {isa = PBXFileReference; lastKnownFileType = text.plist.ibClassDescription; path = BWTransparentCheckbox.classdescription; sourceTree = "<group>"; };
		D5235E8A12381828005D0C38 /* BWTransparentCheckboxCell.classdescription */ = {isa = PBXFileReference; lastKnownFileType = text.plist.ibClassDescription; path = BWTransparentCheckboxCell.classdescription; sourceTree = "<group>"; };
		D5235E8B12381828005D0C38 /* BWTransparentControlsLibrary.nib */ = {isa = PBXFileReference; lastKnownFileType = file.bplist; path = BWTransparentControlsLibrary.nib; sourceTree = "<group>"; };
		D5235E8C12381828005D0C38 /* BWTransparentPopUpButton.classdescription */ = {isa = PBXFileReference; lastKnownFileType = text.plist.ibClassDescription; path = BWTransparentPopUpButton.classdescription; sourceTree = "<group>"; };
		D5235E8D12381828005D0C38 /* BWTransparentPopUpButtonCell.classdescription */ = {isa = PBXFileReference; lastKnownFileType = text.plist.ibClassDescription; path = BWTransparentPopUpButtonCell.classdescription; sourceTree = "<group>"; };
		D5235E8E12381828005D0C38 /* BWTransparentScroller.classdescription */ = {isa = PBXFileReference; lastKnownFileType = text.plist.ibClassDescription; path = BWTransparentScroller.classdescription; sourceTree = "<group>"; };
		D5235E8F12381828005D0C38 /* BWTransparentSlider.classdescription */ = {isa = PBXFileReference; lastKnownFileType = text.plist.ibClassDescription; path = BWTransparentSlider.classdescription; sourceTree = "<group>"; };
		D5235E9012381828005D0C38 /* BWTransparentSliderCell.classdescription */ = {isa = PBXFileReference; lastKnownFileType = text.plist.ibClassDescription; path = BWTransparentSliderCell.classdescription; sourceTree = "<group>"; };
		D5235E9112381828005D0C38 /* BWTransparentTableView.classdescription */ = {isa = PBXFileReference; lastKnownFileType = text.plist.ibClassDescription; path = BWTransparentTableView.classdescription; sourceTree = "<group>"; };
		D5235E9212381828005D0C38 /* BWTransparentTableViewCell.classdescription */ = {isa = PBXFileReference; lastKnownFileType = text.plist.ibClassDescription; path = BWTransparentTableViewCell.classdescription; sourceTree = "<group>"; };
		D5235E9312381828005D0C38 /* BWTransparentTextFieldCell.classdescription */ = {isa = PBXFileReference; lastKnownFileType = text.plist.ibClassDescription; path = BWTransparentTextFieldCell.classdescription; sourceTree = "<group>"; };
		D5235E9512381828005D0C38 /* English */ = {isa = PBXFileReference; lastKnownFileType = file.bplist; name = English; path = English.lproj/BWToolkitLibrary.nib; sourceTree = "<group>"; };
		D5235E9712381828005D0C38 /* English */ = {isa = PBXFileReference; fileEncoding = 4; lastKnownFileType = text.plist.strings; name = English; path = English.lproj/InfoPlist.strings; sourceTree = "<group>"; };
		D5235E9812381828005D0C38 /* GradientWellPattern.tif */ = {isa = PBXFileReference; lastKnownFileType = image.tiff; path = GradientWellPattern.tif; sourceTree = "<group>"; };
		D5235E9912381828005D0C38 /* Inspector-ButtonBarMode1.tif */ = {isa = PBXFileReference; lastKnownFileType = image.tiff; path = "Inspector-ButtonBarMode1.tif"; sourceTree = "<group>"; };
		D5235E9A12381828005D0C38 /* Inspector-ButtonBarMode1Pressed.tif */ = {isa = PBXFileReference; lastKnownFileType = image.tiff; path = "Inspector-ButtonBarMode1Pressed.tif"; sourceTree = "<group>"; };
		D5235E9B12381828005D0C38 /* Inspector-ButtonBarMode2.tif */ = {isa = PBXFileReference; lastKnownFileType = image.tiff; path = "Inspector-ButtonBarMode2.tif"; sourceTree = "<group>"; };
		D5235E9C12381828005D0C38 /* Inspector-ButtonBarMode2Pressed.tif */ = {isa = PBXFileReference; lastKnownFileType = image.tiff; path = "Inspector-ButtonBarMode2Pressed.tif"; sourceTree = "<group>"; };
		D5235E9D12381828005D0C38 /* Inspector-ButtonBarMode3.tif */ = {isa = PBXFileReference; lastKnownFileType = image.tiff; path = "Inspector-ButtonBarMode3.tif"; sourceTree = "<group>"; };
		D5235E9E12381828005D0C38 /* Inspector-ButtonBarMode3Pressed.tif */ = {isa = PBXFileReference; lastKnownFileType = image.tiff; path = "Inspector-ButtonBarMode3Pressed.tif"; sourceTree = "<group>"; };
		D5235E9F12381828005D0C38 /* Inspector-ButtonBarModeSelection.tif */ = {isa = PBXFileReference; lastKnownFileType = image.tiff; path = "Inspector-ButtonBarModeSelection.tif"; sourceTree = "<group>"; };
		D5235EA012381828005D0C38 /* Inspector-SplitViewArrowBlueLeft.tif */ = {isa = PBXFileReference; lastKnownFileType = image.tiff; path = "Inspector-SplitViewArrowBlueLeft.tif"; sourceTree = "<group>"; };
		D5235EA112381828005D0C38 /* Inspector-SplitViewArrowBlueRight.tif */ = {isa = PBXFileReference; lastKnownFileType = image.tiff; path = "Inspector-SplitViewArrowBlueRight.tif"; sourceTree = "<group>"; };
		D5235EA212381828005D0C38 /* Inspector-SplitViewArrowRedFill.tif */ = {isa = PBXFileReference; lastKnownFileType = image.tiff; path = "Inspector-SplitViewArrowRedFill.tif"; sourceTree = "<group>"; };
		D5235EA312381828005D0C38 /* Inspector-SplitViewArrowRedLeft.tif */ = {isa = PBXFileReference; lastKnownFileType = image.tiff; path = "Inspector-SplitViewArrowRedLeft.tif"; sourceTree = "<group>"; };
		D5235EA412381828005D0C38 /* Inspector-SplitViewArrowRedRight.tif */ = {isa = PBXFileReference; lastKnownFileType = image.tiff; path = "Inspector-SplitViewArrowRedRight.tif"; sourceTree = "<group>"; };
		D5235EA512381828005D0C38 /* Inspector-SplitViewBackground.tiff */ = {isa = PBXFileReference; lastKnownFileType = image.tiff; path = "Inspector-SplitViewBackground.tiff"; sourceTree = "<group>"; };
		D5235EA612381828005D0C38 /* Library-AddMiniBottomBar.tif */ = {isa = PBXFileReference; lastKnownFileType = image.tiff; path = "Library-AddMiniBottomBar.tif"; sourceTree = "<group>"; };
		D5235EA712381828005D0C38 /* Library-AddRegularBottomBar.tif */ = {isa = PBXFileReference; lastKnownFileType = image.tiff; path = "Library-AddRegularBottomBar.tif"; sourceTree = "<group>"; };
		D5235EA812381828005D0C38 /* Library-AddSheetBottomBar.tif */ = {isa = PBXFileReference; lastKnownFileType = image.tiff; path = "Library-AddSheetBottomBar.tif"; sourceTree = "<group>"; };
		D5235EA912381828005D0C38 /* Library-AddSmallBottomBar.tif */ = {isa = PBXFileReference; lastKnownFileType = image.tiff; path = "Library-AddSmallBottomBar.tif"; sourceTree = "<group>"; };
		D5235EAA12381828005D0C38 /* Library-AnchoredButton.tif */ = {isa = PBXFileReference; lastKnownFileType = image.tiff; path = "Library-AnchoredButton.tif"; sourceTree = "<group>"; };
		D5235EAB12381828005D0C38 /* Library-AnchoredButtonBar.tif */ = {isa = PBXFileReference; lastKnownFileType = image.tiff; path = "Library-AnchoredButtonBar.tif"; sourceTree = "<group>"; };
		D5235EAC12381828005D0C38 /* Library-AnchoredPopUpButton.tif */ = {isa = PBXFileReference; lastKnownFileType = image.tiff; path = "Library-AnchoredPopUpButton.tif"; sourceTree = "<group>"; };
		D5235EAD12381828005D0C38 /* Library-GradientBox.tif */ = {isa = PBXFileReference; lastKnownFileType = image.tiff; path = "Library-GradientBox.tif"; sourceTree = "<group>"; };
		D5235EAE12381828005D0C38 /* Library-GradientSplitView.tif */ = {isa = PBXFileReference; lastKnownFileType = image.tiff; path = "Library-GradientSplitView.tif"; sourceTree = "<group>"; };
		D5235EAF12381828005D0C38 /* Library-HorizontalSplitView.tif */ = {isa = PBXFileReference; lastKnownFileType = image.tiff; path = "Library-HorizontalSplitView.tif"; sourceTree = "<group>"; };
		D5235EB012381828005D0C38 /* Library-InsetTextField.tif */ = {isa = PBXFileReference; lastKnownFileType = image.tiff; path = "Library-InsetTextField.tif"; sourceTree = "<group>"; };
		D5235EB112381828005D0C38 /* Library-RemoveBottomBar.tif */ = {isa = PBXFileReference; lastKnownFileType = image.tiff; path = "Library-RemoveBottomBar.tif"; sourceTree = "<group>"; };
		D5235EB212381828005D0C38 /* Library-SelectableToolbar.tif */ = {isa = PBXFileReference; lastKnownFileType = image.tiff; path = "Library-SelectableToolbar.tif"; sourceTree = "<group>"; };
		D5235EB312381828005D0C38 /* Library-SheetController.tif */ = {isa = PBXFileReference; lastKnownFileType = image.tiff; path = "Library-SheetController.tif"; sourceTree = "<group>"; };
		D5235EB412381828005D0C38 /* Library-ShowColors.tif */ = {isa = PBXFileReference; lastKnownFileType = image.tiff; path = "Library-ShowColors.tif"; sourceTree = "<group>"; };
		D5235EB512381828005D0C38 /* Library-ShowFonts.tif */ = {isa = PBXFileReference; lastKnownFileType = image.tiff; path = "Library-ShowFonts.tif"; sourceTree = "<group>"; };
		D5235EB612381828005D0C38 /* Library-StyledTextField.tif */ = {isa = PBXFileReference; lastKnownFileType = image.tiff; path = "Library-StyledTextField.tif"; sourceTree = "<group>"; };
		D5235EB712381828005D0C38 /* Library-TexturedAddButton.tif */ = {isa = PBXFileReference; lastKnownFileType = image.tiff; path = "Library-TexturedAddButton.tif"; sourceTree = "<group>"; };
		D5235EB812381828005D0C38 /* Library-TexturedRemoveButton.tif */ = {isa = PBXFileReference; lastKnownFileType = image.tiff; path = "Library-TexturedRemoveButton.tif"; sourceTree = "<group>"; };
		D5235EB912381828005D0C38 /* Library-TexturedSlider.tif */ = {isa = PBXFileReference; lastKnownFileType = image.tiff; path = "Library-TexturedSlider.tif"; sourceTree = "<group>"; };
		D5235EBA12381828005D0C38 /* Library-TokenField.tif */ = {isa = PBXFileReference; lastKnownFileType = image.tiff; path = "Library-TokenField.tif"; sourceTree = "<group>"; };
		D5235EBB12381828005D0C38 /* Library-ToolbarItem.tiff */ = {isa = PBXFileReference; lastKnownFileType = image.tiff; path = "Library-ToolbarItem.tiff"; sourceTree = "<group>"; };
		D5235EBC12381828005D0C38 /* Library-TransparentButton.tif */ = {isa = PBXFileReference; lastKnownFileType = image.tiff; path = "Library-TransparentButton.tif"; sourceTree = "<group>"; };
		D5235EBD12381828005D0C38 /* Library-TransparentCheckbox.tif */ = {isa = PBXFileReference; lastKnownFileType = image.tiff; path = "Library-TransparentCheckbox.tif"; sourceTree = "<group>"; };
		D5235EBE12381828005D0C38 /* Library-TransparentCheckboxCell.tif */ = {isa = PBXFileReference; lastKnownFileType = image.tiff; path = "Library-TransparentCheckboxCell.tif"; sourceTree = "<group>"; };
		D5235EBF12381828005D0C38 /* Library-TransparentLabel.tif */ = {isa = PBXFileReference; lastKnownFileType = image.tiff; path = "Library-TransparentLabel.tif"; sourceTree = "<group>"; };
		D5235EC012381828005D0C38 /* Library-TransparentPopUpButton.tif */ = {isa = PBXFileReference; lastKnownFileType = image.tiff; path = "Library-TransparentPopUpButton.tif"; sourceTree = "<group>"; };
		D5235EC112381828005D0C38 /* Library-TransparentSlider.tif */ = {isa = PBXFileReference; lastKnownFileType = image.tiff; path = "Library-TransparentSlider.tif"; sourceTree = "<group>"; };
		D5235EC212381828005D0C38 /* Library-TransparentTableView.tif */ = {isa = PBXFileReference; lastKnownFileType = image.tiff; path = "Library-TransparentTableView.tif"; sourceTree = "<group>"; };
		D5235EC312381828005D0C38 /* Library-TransparentTextView.tif */ = {isa = PBXFileReference; lastKnownFileType = image.tiff; path = "Library-TransparentTextView.tif"; sourceTree = "<group>"; };
		D5235EC412381828005D0C38 /* Library-VerticalSplitView.tif */ = {isa = PBXFileReference; lastKnownFileType = image.tiff; path = "Library-VerticalSplitView.tif"; sourceTree = "<group>"; };
		D5235EC512381828005D0C38 /* ToolbarItemColors.tiff */ = {isa = PBXFileReference; lastKnownFileType = image.tiff; path = ToolbarItemColors.tiff; sourceTree = "<group>"; };
		D5235EC612381828005D0C38 /* ToolbarItemFonts.tiff */ = {isa = PBXFileReference; lastKnownFileType = image.tiff; path = ToolbarItemFonts.tiff; sourceTree = "<group>"; };
		D5235F3712382604005D0C38 /* cs */ = {isa = PBXFileReference; fileEncoding = 4; lastKnownFileType = file.xib; name = cs; path = cs.lproj/MainMenu.xib; sourceTree = "<group>"; };
		D5235F3812382610005D0C38 /* cs */ = {isa = PBXFileReference; lastKnownFileType = file.xib; name = cs; path = cs.lproj/TaskEditor.xib; sourceTree = "<group>"; };
		D5235F391238261F005D0C38 /* cs */ = {isa = PBXFileReference; fileEncoding = 4; lastKnownFileType = text.plist.strings; name = cs; path = cs.lproj/InfoPlist.strings; sourceTree = "<group>"; };
		D546669610B76A1A001982C1 /* SearchQuery.h */ = {isa = PBXFileReference; fileEncoding = 4; lastKnownFileType = sourcecode.c.h; name = SearchQuery.h; path = src/objc/SearchQuery.h; sourceTree = "<group>"; };
		D546669710B76A1A001982C1 /* SearchQuery.m */ = {isa = PBXFileReference; fileEncoding = 4; lastKnownFileType = sourcecode.c.objc; name = SearchQuery.m; path = src/objc/SearchQuery.m; sourceTree = "<group>"; };
		D546686210B81E00001982C1 /* CaseInsensitivePredicateTemplate.h */ = {isa = PBXFileReference; fileEncoding = 4; lastKnownFileType = sourcecode.c.h; path = CaseInsensitivePredicateTemplate.h; sourceTree = "<group>"; };
		D546686310B81E00001982C1 /* CaseInsensitivePredicateTemplate.m */ = {isa = PBXFileReference; fileEncoding = 4; lastKnownFileType = sourcecode.c.objc; path = CaseInsensitivePredicateTemplate.m; sourceTree = "<group>"; };
		D546686410B81E00001982C1 /* MainController.h */ = {isa = PBXFileReference; fileEncoding = 4; lastKnownFileType = sourcecode.c.h; path = MainController.h; sourceTree = "<group>"; };
		D546686510B81E00001982C1 /* MainController.m */ = {isa = PBXFileReference; fileEncoding = 4; lastKnownFileType = sourcecode.c.objc; path = MainController.m; sourceTree = "<group>"; };
		D546686610B81E00001982C1 /* PreferencesController.h */ = {isa = PBXFileReference; fileEncoding = 4; lastKnownFileType = sourcecode.c.h; path = PreferencesController.h; sourceTree = "<group>"; };
		D546686710B81E00001982C1 /* PreferencesController.m */ = {isa = PBXFileReference; fileEncoding = 4; lastKnownFileType = sourcecode.c.objc; path = PreferencesController.m; sourceTree = "<group>"; };
		D546686810B81E00001982C1 /* StartTaskMenuDelegate.h */ = {isa = PBXFileReference; fileEncoding = 4; lastKnownFileType = sourcecode.c.h; path = StartTaskMenuDelegate.h; sourceTree = "<group>"; };
		D546686910B81E00001982C1 /* StartTaskMenuDelegate.m */ = {isa = PBXFileReference; fileEncoding = 4; lastKnownFileType = sourcecode.c.objc; path = StartTaskMenuDelegate.m; sourceTree = "<group>"; };
		D546686A10B81E00001982C1 /* TTPredicateEditorViewController.h */ = {isa = PBXFileReference; fileEncoding = 4; lastKnownFileType = sourcecode.c.h; path = TTPredicateEditorViewController.h; sourceTree = "<group>"; };
		D546686B10B81E00001982C1 /* TTPredicateEditorViewController.m */ = {isa = PBXFileReference; fileEncoding = 4; lastKnownFileType = sourcecode.c.objc; path = TTPredicateEditorViewController.m; sourceTree = "<group>"; };
		D546686C10B81E00001982C1 /* TTQueryController.h */ = {isa = PBXFileReference; fileEncoding = 4; lastKnownFileType = sourcecode.c.h; path = TTQueryController.h; sourceTree = "<group>"; };
		D546686D10B81E00001982C1 /* TTQueryController.m */ = {isa = PBXFileReference; fileEncoding = 4; lastKnownFileType = sourcecode.c.objc; path = TTQueryController.m; sourceTree = "<group>"; };
		D5488F391139C84A00E1C28C /* WeekdayPredicateTemplate.h */ = {isa = PBXFileReference; fileEncoding = 4; lastKnownFileType = sourcecode.c.h; path = WeekdayPredicateTemplate.h; sourceTree = "<group>"; };
		D5488F3A1139C84A00E1C28C /* WeekdayPredicateTemplate.m */ = {isa = PBXFileReference; fileEncoding = 4; lastKnownFileType = sourcecode.c.objc; path = WeekdayPredicateTemplate.m; sourceTree = "<group>"; };
		D54CEB3610C0828200CD8B31 /* DatePredicateTemplate.h */ = {isa = PBXFileReference; fileEncoding = 4; lastKnownFileType = sourcecode.c.h; path = DatePredicateTemplate.h; sourceTree = "<group>"; };
		D54CEB3710C0828200CD8B31 /* DatePredicateTemplate.m */ = {isa = PBXFileReference; fileEncoding = 4; lastKnownFileType = sourcecode.c.objc; path = DatePredicateTemplate.m; sourceTree = "<group>"; };
		D555336D115C140F000D3B99 /* dsa_pub.pem */ = {isa = PBXFileReference; fileEncoding = 4; lastKnownFileType = text; path = dsa_pub.pem; sourceTree = "<group>"; };
		D56D802E10B5F21F00C3729B /* ITask.h */ = {isa = PBXFileReference; fileEncoding = 4; lastKnownFileType = sourcecode.c.h; name = ITask.h; path = src/objc/ITask.h; sourceTree = "<group>"; };
		D57299A510C2A92700B8CB4F /* WorkPeriodMainPredicateTemplate.h */ = {isa = PBXFileReference; fileEncoding = 4; lastKnownFileType = sourcecode.c.h; path = WorkPeriodMainPredicateTemplate.h; sourceTree = "<group>"; };
		D57299A610C2A92700B8CB4F /* WorkPeriodMainPredicateTemplate.m */ = {isa = PBXFileReference; fileEncoding = 4; lastKnownFileType = sourcecode.c.objc; path = WorkPeriodMainPredicateTemplate.m; sourceTree = "<group>"; };
		D581A8100CFF3BBA006A0DC1 /* TMetaProject.h */ = {isa = PBXFileReference; fileEncoding = 4; lastKnownFileType = sourcecode.c.h; name = TMetaProject.h; path = src/objc/TMetaProject.h; sourceTree = "<group>"; };
		D581A8110CFF3BBA006A0DC1 /* TMetaProject.m */ = {isa = PBXFileReference; fileEncoding = 4; lastKnownFileType = sourcecode.c.objc; name = TMetaProject.m; path = src/objc/TMetaProject.m; sourceTree = "<group>"; };
		D581A8120CFF3BBA006A0DC1 /* TMetaTask.h */ = {isa = PBXFileReference; fileEncoding = 4; lastKnownFileType = sourcecode.c.h; name = TMetaTask.h; path = src/objc/TMetaTask.h; sourceTree = "<group>"; };
		D581A8130CFF3BBA006A0DC1 /* TMetaTask.m */ = {isa = PBXFileReference; fileEncoding = 4; lastKnownFileType = sourcecode.c.objc; name = TMetaTask.m; path = src/objc/TMetaTask.m; sourceTree = "<group>"; };
		D588FB8F11B1C93300D7A8B0 /* TTaskNameTransformer.h */ = {isa = PBXFileReference; fileEncoding = 4; lastKnownFileType = sourcecode.c.h; path = TTaskNameTransformer.h; sourceTree = "<group>"; };
		D588FB9011B1C93300D7A8B0 /* TTaskNameTransformer.m */ = {isa = PBXFileReference; fileEncoding = 4; lastKnownFileType = sourcecode.c.objc; path = TTaskNameTransformer.m; sourceTree = "<group>"; };
		D58EEB640D09D2830043384C /* TWorkPeriod.h */ = {isa = PBXFileReference; fileEncoding = 4; lastKnownFileType = sourcecode.c.h; name = TWorkPeriod.h; path = src/objc/TWorkPeriod.h; sourceTree = "<group>"; };
		D59DC2090CFF63CA000F08A8 /* TDateTransformer.h */ = {isa = PBXFileReference; fileEncoding = 4; lastKnownFileType = sourcecode.c.h; name = TDateTransformer.h; path = src/objc/TDateTransformer.h; sourceTree = "<group>"; };
		D5A7616E10C1C24A004B88C7 /* English */ = {isa = PBXFileReference; fileEncoding = 4; lastKnownFileType = file.xib; name = English; path = English.lproj/MainMenu.xib; sourceTree = "<group>"; };
		D5A871240E6E6B1C00F41819 /* IProject.h */ = {isa = PBXFileReference; fileEncoding = 4; lastKnownFileType = sourcecode.c.h; name = IProject.h; path = src/objc/IProject.h; sourceTree = "<group>"; };
		D5A871400E6E783500F41819 /* TDateTransformer.m */ = {isa = PBXFileReference; fileEncoding = 4; lastKnownFileType = sourcecode.c.objc; name = TDateTransformer.m; path = src/objc/TDateTransformer.m; sourceTree = "<group>"; };
		D5AED85410C5AD8600AB1EE0 /* TTTimeProvider.h */ = {isa = PBXFileReference; fileEncoding = 4; lastKnownFileType = sourcecode.c.h; name = TTTimeProvider.h; path = src/objc/TTTimeProvider.h; sourceTree = "<group>"; };
		D5AED85510C5AD8600AB1EE0 /* TTTimeProvider.m */ = {isa = PBXFileReference; fileEncoding = 4; lastKnownFileType = sourcecode.c.objc; name = TTTimeProvider.m; path = src/objc/TTTimeProvider.m; sourceTree = "<group>"; };
		D5B0A2C60D24D15A004DBF70 /* pickdateofftool.png */ = {isa = PBXFileReference; lastKnownFileType = image.png; name = pickdateofftool.png; path = Graphics/pickdateofftool.png; sourceTree = "<group>"; };
		D5B0A2C70D24D15A004DBF70 /* pickdatetool.png */ = {isa = PBXFileReference; lastKnownFileType = image.png; name = pickdatetool.png; path = Graphics/pickdatetool.png; sourceTree = "<group>"; };
		D5C934DA112C8E7800559D60 /* TTParsedPredicate.h */ = {isa = PBXFileReference; fileEncoding = 4; lastKnownFileType = sourcecode.c.h; path = TTParsedPredicate.h; sourceTree = "<group>"; };
		D5C934DB112C8E7800559D60 /* TTParsedPredicate.m */ = {isa = PBXFileReference; fileEncoding = 4; lastKnownFileType = sourcecode.c.objc; path = TTParsedPredicate.m; sourceTree = "<group>"; };
		D5C9939B11636AFB00AFCE6E /* ChangeLog.yml */ = {isa = PBXFileReference; fileEncoding = 4; lastKnownFileType = text; path = ChangeLog.yml; sourceTree = "<group>"; };
		D5CB9CF811E2054400E3283E /* TaskEditorController.h */ = {isa = PBXFileReference; fileEncoding = 4; lastKnownFileType = sourcecode.c.h; path = TaskEditorController.h; sourceTree = "<group>"; };
		D5CB9CF911E2054400E3283E /* TaskEditorController.m */ = {isa = PBXFileReference; fileEncoding = 4; lastKnownFileType = sourcecode.c.objc; path = TaskEditorController.m; sourceTree = "<group>"; };
		D5CB9CFF11E2055D00E3283E /* English */ = {isa = PBXFileReference; lastKnownFileType = file.xib; name = English; path = English.lproj/TaskEditor.xib; sourceTree = "<group>"; };
		D5D3175312382E17003A416A /* RSRTVArrayController.h */ = {isa = PBXFileReference; fileEncoding = 4; lastKnownFileType = sourcecode.c.h; path = RSRTVArrayController.h; sourceTree = "<group>"; };
		D5D3175412382E17003A416A /* RSRTVArrayController.m */ = {isa = PBXFileReference; fileEncoding = 4; lastKnownFileType = sourcecode.c.objc; path = RSRTVArrayController.m; sourceTree = "<group>"; };
		D5E58E3A0D243A21003020AA /* dayofftool.png */ = {isa = PBXFileReference; lastKnownFileType = image.png; name = dayofftool.png; path = Graphics/dayofftool.png; sourceTree = "<group>"; };
		D5E58E3B0D243A21003020AA /* daytool.png */ = {isa = PBXFileReference; lastKnownFileType = image.png; name = daytool.png; path = Graphics/daytool.png; sourceTree = "<group>"; };
		D5E58E3C0D243A21003020AA /* monthofftool.png */ = {isa = PBXFileReference; lastKnownFileType = image.png; name = monthofftool.png; path = Graphics/monthofftool.png; sourceTree = "<group>"; };
		D5E58E3D0D243A21003020AA /* monthtool.png */ = {isa = PBXFileReference; lastKnownFileType = image.png; name = monthtool.png; path = Graphics/monthtool.png; sourceTree = "<group>"; };
		D5E58E3E0D243A21003020AA /* weekofftool.png */ = {isa = PBXFileReference; lastKnownFileType = image.png; name = weekofftool.png; path = Graphics/weekofftool.png; sourceTree = "<group>"; };
		D5E58E3F0D243A21003020AA /* weektool.png */ = {isa = PBXFileReference; lastKnownFileType = image.png; name = weektool.png; path = Graphics/weektool.png; sourceTree = "<group>"; };
		D5E913AD123833D00044A9C4 /* TTaskMover.h */ = {isa = PBXFileReference; fileEncoding = 4; lastKnownFileType = sourcecode.c.h; path = TTaskMover.h; sourceTree = "<group>"; };
		D5E913AE123833D00044A9C4 /* TTaskMover.m */ = {isa = PBXFileReference; fileEncoding = 4; lastKnownFileType = sourcecode.c.objc; path = TTaskMover.m; sourceTree = "<group>"; };
		D5FEF87810BDD87900915321 /* BWToolkitFramework.framework */ = {isa = PBXFileReference; lastKnownFileType = wrapper.framework; name = BWToolkitFramework.framework; path = BWToolkit/BWToolkitFramework.framework; sourceTree = "<group>"; };
/* End PBXFileReference section */

/* Begin PBXFrameworksBuildPhase section */
		8D11072E0486CEB800E47090 /* Frameworks */ = {
			isa = PBXFrameworksBuildPhase;
			buildActionMask = 2147483647;
			files = (
				8D11072F0486CEB800E47090 /* Cocoa.framework in Frameworks */,
				2C4528A70909AACB003C0369 /* Carbon.framework in Frameworks */,
				2C4528B20909AAE5003C0369 /* IOKit.framework in Frameworks */,
				B1AB15830CEBC9A50025CF12 /* Sparkle.framework in Frameworks */,
				D5FEF87910BDD87900915321 /* BWToolkitFramework.framework in Frameworks */,
				D5235EC712381828005D0C38 /* BWToolkitFramework.framework in Frameworks */,
			);
			runOnlyForDeploymentPostprocessing = 0;
		};
/* End PBXFrameworksBuildPhase section */

/* Begin PBXGroup section */
		1058C7A0FEA54F0111CA2CBB /* Linked Frameworks */ = {
			isa = PBXGroup;
			children = (
				D5235E6012381828005D0C38 /* BWToolkit.ibplugin */,
				D5FEF87810BDD87900915321 /* BWToolkitFramework.framework */,
				B1AB15820CEBC9A50025CF12 /* Sparkle.framework */,
				2C4528A60909AACB003C0369 /* Carbon.framework */,
				1058C7A1FEA54F0111CA2CBB /* Cocoa.framework */,
			);
			name = "Linked Frameworks";
			sourceTree = "<group>";
		};
		1058C7A2FEA54F0111CA2CBB /* Other Frameworks */ = {
			isa = PBXGroup;
			children = (
				2C4528B10909AAE5003C0369 /* IOKit.framework */,
				29B97324FDCFA39411CA2CEA /* AppKit.framework */,
				13E42FB307B3F0F600E4EEF1 /* CoreData.framework */,
				29B97325FDCFA39411CA2CEA /* Foundation.framework */,
			);
			name = "Other Frameworks";
			sourceTree = "<group>";
		};
		19C28FACFE9D520D11CA2CBB /* Products */ = {
			isa = PBXGroup;
			children = (
				8D1107320486CEB800E47090 /* Time Tracker.app */,
			);
			name = Products;
			sourceTree = "<group>";
		};
		29B97314FDCFA39411CA2CEA /* Time Tracker */ = {
			isa = PBXGroup;
			children = (
				D56D801A10B5F15C00C3729B /* src */,
				2C9DD7100905824100AA5C6E /* Graphics */,
				29B97315FDCFA39411CA2CEA /* Other Sources */,
				29B97317FDCFA39411CA2CEA /* Resources */,
				29B97323FDCFA39411CA2CEA /* Frameworks */,
				19C28FACFE9D520D11CA2CBB /* Products */,
			);
			name = "Time Tracker";
			sourceTree = "<group>";
		};
		29B97315FDCFA39411CA2CEA /* Other Sources */ = {
			isa = PBXGroup;
			children = (
				32CA4F630368D1EE00C91783 /* Time Tracker_Prefix.pch */,
				29B97316FDCFA39411CA2CEA /* main.m */,
			);
			name = "Other Sources";
			sourceTree = "<group>";
		};
		29B97317FDCFA39411CA2CEA /* Resources */ = {
			isa = PBXGroup;
			children = (
				D5235F36123825D0005D0C38 /* en */,
				D555336D115C140F000D3B99 /* dsa_pub.pem */,
				B163D4040B646239007D0E2C /* AUTHORS.txt */,
				B163D4050B646239007D0E2C /* LICENSE-GPL.txt */,
				D5C9939B11636AFB00AFCE6E /* ChangeLog.yml */,
				B19BDFC10B5C956700465046 /* ChangeLog.txt */,
				B19BDFC20B5C956700465046 /* LICENSE.txt */,
				2C9DB973090677B20039C62A /* Icon.icns */,
				8D1107310486CEB800E47090 /* Info.plist */,
			);
			name = Resources;
			sourceTree = "<group>";
		};
		29B97323FDCFA39411CA2CEA /* Frameworks */ = {
			isa = PBXGroup;
			children = (
				1058C7A0FEA54F0111CA2CBB /* Linked Frameworks */,
				1058C7A2FEA54F0111CA2CBB /* Other Frameworks */,
			);
			name = Frameworks;
			sourceTree = "<group>";
		};
		2C9DD7100905824100AA5C6E /* Graphics */ = {
			isa = PBXGroup;
			children = (
				D5B0A2C60D24D15A004DBF70 /* pickdateofftool.png */,
				D5B0A2C70D24D15A004DBF70 /* pickdatetool.png */,
				D5E58E3A0D243A21003020AA /* dayofftool.png */,
				D5E58E3B0D243A21003020AA /* daytool.png */,
				D5E58E3C0D243A21003020AA /* monthofftool.png */,
				D5E58E3D0D243A21003020AA /* monthtool.png */,
				D5E58E3E0D243A21003020AA /* weekofftool.png */,
				D5E58E3F0D243A21003020AA /* weektool.png */,
				2C9DB944090675EB0039C62A /* addprojecttool.png */,
				2C9DB945090675EB0039C62A /* addtasktool.png */,
				2C9DB946090675EB0039C62A /* playtool.png */,
				2C9DB947090675EB0039C62A /* stoptool.png */,
				2C9DD7170905824F00AA5C6E /* playitem_hl.png */,
				2C9DD7180905824F00AA5C6E /* playitem.png */,
				2C9DD7190905824F00AA5C6E /* stopitem_hl.png */,
				2C9DD71A0905824F00AA5C6E /* stopitem.png */,
			);
			name = Graphics;
			sourceTree = "<group>";
		};
		D5235E6012381828005D0C38 /* BWToolkit.ibplugin */ = {
			isa = PBXGroup;
			children = (
				D5235E6112381828005D0C38 /* Contents */,
			);
			name = BWToolkit.ibplugin;
			path = BWToolkit/BWToolkit.ibplugin;
			sourceTree = "<group>";
		};
		D5235E6112381828005D0C38 /* Contents */ = {
			isa = PBXGroup;
			children = (
				D5235E6212381828005D0C38 /* Frameworks */,
				D5235E6412381828005D0C38 /* Info.plist */,
				D5235E6512381828005D0C38 /* MacOS */,
				D5235E6712381828005D0C38 /* Resources */,
			);
			path = Contents;
			sourceTree = "<group>";
		};
		D5235E6212381828005D0C38 /* Frameworks */ = {
			isa = PBXGroup;
			children = (
				D5235E6312381828005D0C38 /* BWToolkitFramework.framework */,
			);
			path = Frameworks;
			sourceTree = "<group>";
		};
		D5235E6512381828005D0C38 /* MacOS */ = {
			isa = PBXGroup;
			children = (
				D5235E6612381828005D0C38 /* BWToolkit */,
			);
			path = MacOS;
			sourceTree = "<group>";
		};
		D5235E6712381828005D0C38 /* Resources */ = {
			isa = PBXGroup;
			children = (
				D5235E6812381828005D0C38 /* BWAddMiniBottomBar.classdescription */,
				D5235E6912381828005D0C38 /* BWAddRegularBottomBar.classdescription */,
				D5235E6A12381828005D0C38 /* BWAddSmallBottomBar.classdescription */,
				D5235E6B12381828005D0C38 /* BWAnchoredButton.classdescription */,
				D5235E6C12381828005D0C38 /* BWAnchoredButtonBar.classdescription */,
				D5235E6D12381828005D0C38 /* BWAnchoredButtonBarInspector.nib */,
				D5235E6E12381828005D0C38 /* BWAnchoredPopUpButton.classdescription */,
				D5235E6F12381828005D0C38 /* BWBottomBarLibrary.nib */,
				D5235E7012381828005D0C38 /* BWButtonBarLibrary.nib */,
				D5235E7112381828005D0C38 /* BWControllersLibrary.nib */,
				D5235E7212381828005D0C38 /* BWGradientBoxInspector.nib */,
				D5235E7312381828005D0C38 /* BWHyperlinkButtonInspector.nib */,
				D5235E7412381828005D0C38 /* BWInsetTextField.classdescription */,
				D5235E7512381828005D0C38 /* BWRemoveBottomBar.classdescription */,
				D5235E7612381828005D0C38 /* BWSelectableToolbar.classdescription */,
				D5235E7712381828005D0C38 /* BWSelectableToolbarInspector.nib */,
				D5235E7812381828005D0C38 /* BWSheetController.classdescription */,
				D5235E7912381828005D0C38 /* BWSplitView.classdescription */,
				D5235E7A12381828005D0C38 /* BWSplitViewInspector.nib */,
				D5235E7B12381828005D0C38 /* BWSplitViewLibrary.nib */,
				D5235E7C12381828005D0C38 /* BWStyledTextFieldInspector.nib */,
				D5235E7D12381828005D0C38 /* BWTexturedSlider.classdescription */,
				D5235E7E12381828005D0C38 /* BWTexturedSliderCell.classdescription */,
				D5235E7F12381828005D0C38 /* BWTexturedSliderInspector.nib */,
				D5235E8012381828005D0C38 /* BWTokenField.classdescription */,
				D5235E8112381828005D0C38 /* BWTokenFieldCell.classdescription */,
				D5235E8212381828005D0C38 /* BWToolbarItem.classdescription */,
				D5235E8312381828005D0C38 /* BWToolbarItemInspector.nib */,
				D5235E8412381828005D0C38 /* BWToolbarItemsLibrary.nib */,
				D5235E8512381828005D0C38 /* BWToolbarShowColorsItem.classdescription */,
				D5235E8612381828005D0C38 /* BWToolbarShowFontsItem.classdescription */,
				D5235E8712381828005D0C38 /* BWTransparentButton.classdescription */,
				D5235E8812381828005D0C38 /* BWTransparentButtonCell.classdescription */,
				D5235E8912381828005D0C38 /* BWTransparentCheckbox.classdescription */,
				D5235E8A12381828005D0C38 /* BWTransparentCheckboxCell.classdescription */,
				D5235E8B12381828005D0C38 /* BWTransparentControlsLibrary.nib */,
				D5235E8C12381828005D0C38 /* BWTransparentPopUpButton.classdescription */,
				D5235E8D12381828005D0C38 /* BWTransparentPopUpButtonCell.classdescription */,
				D5235E8E12381828005D0C38 /* BWTransparentScroller.classdescription */,
				D5235E8F12381828005D0C38 /* BWTransparentSlider.classdescription */,
				D5235E9012381828005D0C38 /* BWTransparentSliderCell.classdescription */,
				D5235E9112381828005D0C38 /* BWTransparentTableView.classdescription */,
				D5235E9212381828005D0C38 /* BWTransparentTableViewCell.classdescription */,
				D5235E9312381828005D0C38 /* BWTransparentTextFieldCell.classdescription */,
				D5235E9412381828005D0C38 /* BWToolkitLibrary.nib */,
				D5235E9612381828005D0C38 /* InfoPlist.strings */,
				D5235E9812381828005D0C38 /* GradientWellPattern.tif */,
				D5235E9912381828005D0C38 /* Inspector-ButtonBarMode1.tif */,
				D5235E9A12381828005D0C38 /* Inspector-ButtonBarMode1Pressed.tif */,
				D5235E9B12381828005D0C38 /* Inspector-ButtonBarMode2.tif */,
				D5235E9C12381828005D0C38 /* Inspector-ButtonBarMode2Pressed.tif */,
				D5235E9D12381828005D0C38 /* Inspector-ButtonBarMode3.tif */,
				D5235E9E12381828005D0C38 /* Inspector-ButtonBarMode3Pressed.tif */,
				D5235E9F12381828005D0C38 /* Inspector-ButtonBarModeSelection.tif */,
				D5235EA012381828005D0C38 /* Inspector-SplitViewArrowBlueLeft.tif */,
				D5235EA112381828005D0C38 /* Inspector-SplitViewArrowBlueRight.tif */,
				D5235EA212381828005D0C38 /* Inspector-SplitViewArrowRedFill.tif */,
				D5235EA312381828005D0C38 /* Inspector-SplitViewArrowRedLeft.tif */,
				D5235EA412381828005D0C38 /* Inspector-SplitViewArrowRedRight.tif */,
				D5235EA512381828005D0C38 /* Inspector-SplitViewBackground.tiff */,
				D5235EA612381828005D0C38 /* Library-AddMiniBottomBar.tif */,
				D5235EA712381828005D0C38 /* Library-AddRegularBottomBar.tif */,
				D5235EA812381828005D0C38 /* Library-AddSheetBottomBar.tif */,
				D5235EA912381828005D0C38 /* Library-AddSmallBottomBar.tif */,
				D5235EAA12381828005D0C38 /* Library-AnchoredButton.tif */,
				D5235EAB12381828005D0C38 /* Library-AnchoredButtonBar.tif */,
				D5235EAC12381828005D0C38 /* Library-AnchoredPopUpButton.tif */,
				D5235EAD12381828005D0C38 /* Library-GradientBox.tif */,
				D5235EAE12381828005D0C38 /* Library-GradientSplitView.tif */,
				D5235EAF12381828005D0C38 /* Library-HorizontalSplitView.tif */,
				D5235EB012381828005D0C38 /* Library-InsetTextField.tif */,
				D5235EB112381828005D0C38 /* Library-RemoveBottomBar.tif */,
				D5235EB212381828005D0C38 /* Library-SelectableToolbar.tif */,
				D5235EB312381828005D0C38 /* Library-SheetController.tif */,
				D5235EB412381828005D0C38 /* Library-ShowColors.tif */,
				D5235EB512381828005D0C38 /* Library-ShowFonts.tif */,
				D5235EB612381828005D0C38 /* Library-StyledTextField.tif */,
				D5235EB712381828005D0C38 /* Library-TexturedAddButton.tif */,
				D5235EB812381828005D0C38 /* Library-TexturedRemoveButton.tif */,
				D5235EB912381828005D0C38 /* Library-TexturedSlider.tif */,
				D5235EBA12381828005D0C38 /* Library-TokenField.tif */,
				D5235EBB12381828005D0C38 /* Library-ToolbarItem.tiff */,
				D5235EBC12381828005D0C38 /* Library-TransparentButton.tif */,
				D5235EBD12381828005D0C38 /* Library-TransparentCheckbox.tif */,
				D5235EBE12381828005D0C38 /* Library-TransparentCheckboxCell.tif */,
				D5235EBF12381828005D0C38 /* Library-TransparentLabel.tif */,
				D5235EC012381828005D0C38 /* Library-TransparentPopUpButton.tif */,
				D5235EC112381828005D0C38 /* Library-TransparentSlider.tif */,
				D5235EC212381828005D0C38 /* Library-TransparentTableView.tif */,
				D5235EC312381828005D0C38 /* Library-TransparentTextView.tif */,
				D5235EC412381828005D0C38 /* Library-VerticalSplitView.tif */,
				D5235EC512381828005D0C38 /* ToolbarItemColors.tiff */,
				D5235EC612381828005D0C38 /* ToolbarItemFonts.tiff */,
			);
			path = Resources;
			sourceTree = "<group>";
		};
		D5235F36123825D0005D0C38 /* en */ = {
			isa = PBXGroup;
			children = (
				089C165CFE840E0CC02AAC07 /* InfoPlist.strings */,
				D5A7616D10C1C24A004B88C7 /* MainMenu.xib */,
				D5CB9CFE11E2055D00E3283E /* TaskEditor.xib */,
			);
			name = en;
			sourceTree = "<group>";
		};
		D546686110B81E00001982C1 /* cocoa */ = {
			isa = PBXGroup;
			children = (
				D5D3175312382E17003A416A /* RSRTVArrayController.h */,
				D5D3175412382E17003A416A /* RSRTVArrayController.m */,
				D5CB9CF811E2054400E3283E /* TaskEditorController.h */,
				D5CB9CF911E2054400E3283E /* TaskEditorController.m */,
				D546686210B81E00001982C1 /* CaseInsensitivePredicateTemplate.h */,
				D546686310B81E00001982C1 /* CaseInsensitivePredicateTemplate.m */,
				D546686410B81E00001982C1 /* MainController.h */,
				D546686510B81E00001982C1 /* MainController.m */,
				D546686610B81E00001982C1 /* PreferencesController.h */,
				D546686710B81E00001982C1 /* PreferencesController.m */,
				D546686810B81E00001982C1 /* StartTaskMenuDelegate.h */,
				D546686910B81E00001982C1 /* StartTaskMenuDelegate.m */,
				D546686A10B81E00001982C1 /* TTPredicateEditorViewController.h */,
				D546686B10B81E00001982C1 /* TTPredicateEditorViewController.m */,
				D546686C10B81E00001982C1 /* TTQueryController.h */,
				D546686D10B81E00001982C1 /* TTQueryController.m */,
				D54CEB3610C0828200CD8B31 /* DatePredicateTemplate.h */,
				D54CEB3710C0828200CD8B31 /* DatePredicateTemplate.m */,
				D57299A510C2A92700B8CB4F /* WorkPeriodMainPredicateTemplate.h */,
				D57299A610C2A92700B8CB4F /* WorkPeriodMainPredicateTemplate.m */,
				D5488F391139C84A00E1C28C /* WeekdayPredicateTemplate.h */,
				D5488F3A1139C84A00E1C28C /* WeekdayPredicateTemplate.m */,
				D5C934DA112C8E7800559D60 /* TTParsedPredicate.h */,
				D5C934DB112C8E7800559D60 /* TTParsedPredicate.m */,
				D588FB8F11B1C93300D7A8B0 /* TTaskNameTransformer.h */,
				D588FB9011B1C93300D7A8B0 /* TTaskNameTransformer.m */,
				D5E913AD123833D00044A9C4 /* TTaskMover.h */,
				D5E913AE123833D00044A9C4 /* TTaskMover.m */,
			);
			name = cocoa;
			path = src/cocoa;
			sourceTree = "<group>";
		};
		D56D801A10B5F15C00C3729B /* src */ = {
			isa = PBXGroup;
			children = (
				D546686110B81E00001982C1 /* cocoa */,
				D56D801C10B5F16800C3729B /* objc */,
			);
			name = src;
			sourceTree = "<group>";
		};
		D56D801C10B5F16800C3729B /* objc */ = {
			isa = PBXGroup;
			children = (
				D5AED85410C5AD8600AB1EE0 /* TTTimeProvider.h */,
				D5AED85510C5AD8600AB1EE0 /* TTTimeProvider.m */,
				D5A871240E6E6B1C00F41819 /* IProject.h */,
				D56D802E10B5F21F00C3729B /* ITask.h */,
				D59DC2090CFF63CA000F08A8 /* TDateTransformer.h */,
				D5A871400E6E783500F41819 /* TDateTransformer.m */,
				D581A8100CFF3BBA006A0DC1 /* TMetaProject.h */,
				D581A8110CFF3BBA006A0DC1 /* TMetaProject.m */,
				D581A8120CFF3BBA006A0DC1 /* TMetaTask.h */,
				D581A8130CFF3BBA006A0DC1 /* TMetaTask.m */,
				D58EEB640D09D2830043384C /* TWorkPeriod.h */,
				2C9EC9530905ABAE000651F2 /* TWorkPeriod.m */,
				2C9EC93D0905A9F6000651F2 /* TimeIntervalFormatter.h */,
				2C9EC93E0905A9F6000651F2 /* TimeIntervalFormatter.m */,
				2C9EC8D00905A5F2000651F2 /* TTask.h */,
				2C9EC8D10905A5F2000651F2 /* TTask.m */,
				2C9EC8D50905A5FE000651F2 /* TProject.h */,
				2C9EC8D60905A5FE000651F2 /* TProject.m */,
				D546669610B76A1A001982C1 /* SearchQuery.h */,
				D546669710B76A1A001982C1 /* SearchQuery.m */,
			);
			name = objc;
			sourceTree = "<group>";
		};
/* End PBXGroup section */

/* Begin PBXNativeTarget section */
		8D1107260486CEB800E47090 /* Time Tracker */ = {
			isa = PBXNativeTarget;
			buildConfigurationList = 2CFAEE2109042EE900131DD6 /* Build configuration list for PBXNativeTarget "Time Tracker" */;
			buildPhases = (
				8D11072C0486CEB800E47090 /* Sources */,
				8D1107290486CEB800E47090 /* Resources */,
				8D11072E0486CEB800E47090 /* Frameworks */,
				B1AB15990CEBC9E00025CF12 /* CopyFiles */,
			);
			buildRules = (
			);
			dependencies = (
			);
			name = "Time Tracker";
			productInstallPath = "$(HOME)/Applications";
			productName = "Time Tracker";
			productReference = 8D1107320486CEB800E47090 /* Time Tracker.app */;
			productType = "com.apple.product-type.application";
		};
/* End PBXNativeTarget section */

/* Begin PBXProject section */
		29B97313FDCFA39411CA2CEA /* Project object */ = {
			isa = PBXProject;
			buildConfigurationList = 2CFAEE2509042EE900131DD6 /* Build configuration list for PBXProject "Time Tracker" */;
			compatibilityVersion = "Xcode 3.2";
			hasScannedForEncodings = 1;
			knownRegions = (
				en,
				English,
				cs,
			);
			mainGroup = 29B97314FDCFA39411CA2CEA /* Time Tracker */;
			projectDirPath = "";
			projectRoot = "";
			targets = (
				8D1107260486CEB800E47090 /* Time Tracker */,
				B19BDFB30B5C94F200465046 /* Release Package */,
			);
		};
/* End PBXProject section */

/* Begin PBXResourcesBuildPhase section */
		8D1107290486CEB800E47090 /* Resources */ = {
			isa = PBXResourcesBuildPhase;
			buildActionMask = 2147483647;
			files = (
				8D11072B0486CEB800E47090 /* InfoPlist.strings in Resources */,
				2C9DD71B0905824F00AA5C6E /* playitem_hl.png in Resources */,
				2C9DD71C0905824F00AA5C6E /* playitem.png in Resources */,
				2C9DD71D0905824F00AA5C6E /* stopitem_hl.png in Resources */,
				2C9DD71E0905824F00AA5C6E /* stopitem.png in Resources */,
				2C9DB948090675EB0039C62A /* addprojecttool.png in Resources */,
				2C9DB949090675EB0039C62A /* addtasktool.png in Resources */,
				2C9DB94A090675EB0039C62A /* playtool.png in Resources */,
				2C9DB94B090675EB0039C62A /* stoptool.png in Resources */,
				2C9DB974090677B20039C62A /* Icon.icns in Resources */,
				D5E58E400D243A21003020AA /* dayofftool.png in Resources */,
				D5E58E410D243A21003020AA /* daytool.png in Resources */,
				D5E58E420D243A21003020AA /* monthofftool.png in Resources */,
				D5E58E430D243A21003020AA /* monthtool.png in Resources */,
				D5E58E440D243A21003020AA /* weekofftool.png in Resources */,
				D5E58E450D243A21003020AA /* weektool.png in Resources */,
				D5B0A2C80D24D15A004DBF70 /* pickdateofftool.png in Resources */,
				D5B0A2C90D24D15A004DBF70 /* pickdatetool.png in Resources */,
				D5A7616F10C1C24A004B88C7 /* MainMenu.xib in Resources */,
				D555336E115C140F000D3B99 /* dsa_pub.pem in Resources */,
				D5C9939C11636AFB00AFCE6E /* ChangeLog.yml in Resources */,
				D5CB9D0011E2055D00E3283E /* TaskEditor.xib in Resources */,
				D5235EC812381828005D0C38 /* Info.plist in Resources */,
				D5235EC912381828005D0C38 /* BWToolkit in Resources */,
				D5235ECA12381828005D0C38 /* BWAddMiniBottomBar.classdescription in Resources */,
				D5235ECB12381828005D0C38 /* BWAddRegularBottomBar.classdescription in Resources */,
				D5235ECC12381828005D0C38 /* BWAddSmallBottomBar.classdescription in Resources */,
				D5235ECD12381828005D0C38 /* BWAnchoredButton.classdescription in Resources */,
				D5235ECE12381828005D0C38 /* BWAnchoredButtonBar.classdescription in Resources */,
				D5235ECF12381828005D0C38 /* BWAnchoredButtonBarInspector.nib in Resources */,
				D5235ED012381828005D0C38 /* BWAnchoredPopUpButton.classdescription in Resources */,
				D5235ED112381828005D0C38 /* BWBottomBarLibrary.nib in Resources */,
				D5235ED212381828005D0C38 /* BWButtonBarLibrary.nib in Resources */,
				D5235ED312381828005D0C38 /* BWControllersLibrary.nib in Resources */,
				D5235ED412381828005D0C38 /* BWGradientBoxInspector.nib in Resources */,
				D5235ED512381828005D0C38 /* BWHyperlinkButtonInspector.nib in Resources */,
				D5235ED612381828005D0C38 /* BWInsetTextField.classdescription in Resources */,
				D5235ED712381828005D0C38 /* BWRemoveBottomBar.classdescription in Resources */,
				D5235ED812381828005D0C38 /* BWSelectableToolbar.classdescription in Resources */,
				D5235ED912381828005D0C38 /* BWSelectableToolbarInspector.nib in Resources */,
				D5235EDA12381828005D0C38 /* BWSheetController.classdescription in Resources */,
				D5235EDB12381828005D0C38 /* BWSplitView.classdescription in Resources */,
				D5235EDC12381828005D0C38 /* BWSplitViewInspector.nib in Resources */,
				D5235EDD12381828005D0C38 /* BWSplitViewLibrary.nib in Resources */,
				D5235EDE12381828005D0C38 /* BWStyledTextFieldInspector.nib in Resources */,
				D5235EDF12381828005D0C38 /* BWTexturedSlider.classdescription in Resources */,
				D5235EE012381828005D0C38 /* BWTexturedSliderCell.classdescription in Resources */,
				D5235EE112381828005D0C38 /* BWTexturedSliderInspector.nib in Resources */,
				D5235EE212381828005D0C38 /* BWTokenField.classdescription in Resources */,
				D5235EE312381828005D0C38 /* BWTokenFieldCell.classdescription in Resources */,
				D5235EE412381828005D0C38 /* BWToolbarItem.classdescription in Resources */,
				D5235EE512381828005D0C38 /* BWToolbarItemInspector.nib in Resources */,
				D5235EE612381828005D0C38 /* BWToolbarItemsLibrary.nib in Resources */,
				D5235EE712381828005D0C38 /* BWToolbarShowColorsItem.classdescription in Resources */,
				D5235EE812381828005D0C38 /* BWToolbarShowFontsItem.classdescription in Resources */,
				D5235EE912381828005D0C38 /* BWTransparentButton.classdescription in Resources */,
				D5235EEA12381828005D0C38 /* BWTransparentButtonCell.classdescription in Resources */,
				D5235EEB12381828005D0C38 /* BWTransparentCheckbox.classdescription in Resources */,
				D5235EEC12381828005D0C38 /* BWTransparentCheckboxCell.classdescription in Resources */,
				D5235EED12381828005D0C38 /* BWTransparentControlsLibrary.nib in Resources */,
				D5235EEE12381828005D0C38 /* BWTransparentPopUpButton.classdescription in Resources */,
				D5235EEF12381828005D0C38 /* BWTransparentPopUpButtonCell.classdescription in Resources */,
				D5235EF012381828005D0C38 /* BWTransparentScroller.classdescription in Resources */,
				D5235EF112381828005D0C38 /* BWTransparentSlider.classdescription in Resources */,
				D5235EF212381828005D0C38 /* BWTransparentSliderCell.classdescription in Resources */,
				D5235EF312381828005D0C38 /* BWTransparentTableView.classdescription in Resources */,
				D5235EF412381828005D0C38 /* BWTransparentTableViewCell.classdescription in Resources */,
				D5235EF512381828005D0C38 /* BWTransparentTextFieldCell.classdescription in Resources */,
				D5235EF612381828005D0C38 /* GradientWellPattern.tif in Resources */,
				D5235EF712381828005D0C38 /* Inspector-ButtonBarMode1.tif in Resources */,
				D5235EF812381828005D0C38 /* Inspector-ButtonBarMode1Pressed.tif in Resources */,
				D5235EF912381828005D0C38 /* Inspector-ButtonBarMode2.tif in Resources */,
				D5235EFA12381828005D0C38 /* Inspector-ButtonBarMode2Pressed.tif in Resources */,
				D5235EFB12381828005D0C38 /* Inspector-ButtonBarMode3.tif in Resources */,
				D5235EFC12381828005D0C38 /* Inspector-ButtonBarMode3Pressed.tif in Resources */,
				D5235EFD12381828005D0C38 /* Inspector-ButtonBarModeSelection.tif in Resources */,
				D5235EFE12381828005D0C38 /* Inspector-SplitViewArrowBlueLeft.tif in Resources */,
				D5235EFF12381828005D0C38 /* Inspector-SplitViewArrowBlueRight.tif in Resources */,
				D5235F0012381828005D0C38 /* Inspector-SplitViewArrowRedFill.tif in Resources */,
				D5235F0112381828005D0C38 /* Inspector-SplitViewArrowRedLeft.tif in Resources */,
				D5235F0212381828005D0C38 /* Inspector-SplitViewArrowRedRight.tif in Resources */,
				D5235F0312381828005D0C38 /* Inspector-SplitViewBackground.tiff in Resources */,
				D5235F0412381828005D0C38 /* Library-AddMiniBottomBar.tif in Resources */,
				D5235F0512381828005D0C38 /* Library-AddRegularBottomBar.tif in Resources */,
				D5235F0612381828005D0C38 /* Library-AddSheetBottomBar.tif in Resources */,
				D5235F0712381828005D0C38 /* Library-AddSmallBottomBar.tif in Resources */,
				D5235F0812381828005D0C38 /* Library-AnchoredButton.tif in Resources */,
				D5235F0912381828005D0C38 /* Library-AnchoredButtonBar.tif in Resources */,
				D5235F0A12381828005D0C38 /* Library-AnchoredPopUpButton.tif in Resources */,
				D5235F0B12381828005D0C38 /* Library-GradientBox.tif in Resources */,
				D5235F0C12381828005D0C38 /* Library-GradientSplitView.tif in Resources */,
				D5235F0D12381828005D0C38 /* Library-HorizontalSplitView.tif in Resources */,
				D5235F0E12381828005D0C38 /* Library-InsetTextField.tif in Resources */,
				D5235F0F12381828005D0C38 /* Library-RemoveBottomBar.tif in Resources */,
				D5235F1012381828005D0C38 /* Library-SelectableToolbar.tif in Resources */,
				D5235F1112381828005D0C38 /* Library-SheetController.tif in Resources */,
				D5235F1212381828005D0C38 /* Library-ShowColors.tif in Resources */,
				D5235F1312381828005D0C38 /* Library-ShowFonts.tif in Resources */,
				D5235F1412381828005D0C38 /* Library-StyledTextField.tif in Resources */,
				D5235F1512381828005D0C38 /* Library-TexturedAddButton.tif in Resources */,
				D5235F1612381828005D0C38 /* Library-TexturedRemoveButton.tif in Resources */,
				D5235F1712381828005D0C38 /* Library-TexturedSlider.tif in Resources */,
				D5235F1812381828005D0C38 /* Library-TokenField.tif in Resources */,
				D5235F1912381828005D0C38 /* Library-ToolbarItem.tiff in Resources */,
				D5235F1A12381828005D0C38 /* Library-TransparentButton.tif in Resources */,
				D5235F1B12381828005D0C38 /* Library-TransparentCheckbox.tif in Resources */,
				D5235F1C12381828005D0C38 /* Library-TransparentCheckboxCell.tif in Resources */,
				D5235F1D12381828005D0C38 /* Library-TransparentLabel.tif in Resources */,
				D5235F1E12381828005D0C38 /* Library-TransparentPopUpButton.tif in Resources */,
				D5235F1F12381828005D0C38 /* Library-TransparentSlider.tif in Resources */,
				D5235F2012381828005D0C38 /* Library-TransparentTableView.tif in Resources */,
				D5235F2112381828005D0C38 /* Library-TransparentTextView.tif in Resources */,
				D5235F2212381828005D0C38 /* Library-VerticalSplitView.tif in Resources */,
				D5235F2312381828005D0C38 /* ToolbarItemColors.tiff in Resources */,
				D5235F2412381828005D0C38 /* ToolbarItemFonts.tiff in Resources */,
			);
			runOnlyForDeploymentPostprocessing = 0;
		};
/* End PBXResourcesBuildPhase section */

/* Begin PBXShellScriptBuildPhase section */
		D5C283AC11634F8000409452 /* ShellScript */ = {
			isa = PBXShellScriptBuildPhase;
			buildActionMask = 2147483647;
			files = (
			);
			inputPaths = (
			);
			outputPaths = (
			);
			runOnlyForDeploymentPostprocessing = 0;
			shellPath = /bin/sh;
			shellScript = "rm -f \"$TARGET_BUILD_DIR/$PROJECT_NAME-$CURRENT_PROJECT_VERSION.zip\"\n\n(cd \"$TARGET_BUILD_DIR/Release-$CURRENT_PROJECT_VERSION/\"\n\tzip -r -9 - *\n) > \"$TARGET_BUILD_DIR/$PROJECT_NAME-$CURRENT_PROJECT_VERSION.zip\"";
		};
/* End PBXShellScriptBuildPhase section */

/* Begin PBXSourcesBuildPhase section */
		8D11072C0486CEB800E47090 /* Sources */ = {
			isa = PBXSourcesBuildPhase;
			buildActionMask = 2147483647;
			files = (
				8D11072D0486CEB800E47090 /* main.m in Sources */,
				2C9EC8D20905A5F2000651F2 /* TTask.m in Sources */,
				2C9EC8D70905A5FE000651F2 /* TProject.m in Sources */,
				2C9EC93F0905A9F6000651F2 /* TimeIntervalFormatter.m in Sources */,
				2C9EC9540905ABAE000651F2 /* TWorkPeriod.m in Sources */,
				D581A8140CFF3BBA006A0DC1 /* TMetaProject.m in Sources */,
				D581A8150CFF3BBA006A0DC1 /* TMetaTask.m in Sources */,
				D5A871410E6E783500F41819 /* TDateTransformer.m in Sources */,
				D546669810B76A1A001982C1 /* SearchQuery.m in Sources */,
				D546686E10B81E00001982C1 /* CaseInsensitivePredicateTemplate.m in Sources */,
				D546686F10B81E00001982C1 /* MainController.m in Sources */,
				D546687010B81E00001982C1 /* PreferencesController.m in Sources */,
				D546687110B81E00001982C1 /* StartTaskMenuDelegate.m in Sources */,
				D546687210B81E00001982C1 /* TTPredicateEditorViewController.m in Sources */,
				D546687310B81E00001982C1 /* TTQueryController.m in Sources */,
				D54CEB3810C0828200CD8B31 /* DatePredicateTemplate.m in Sources */,
				D57299A710C2A92700B8CB4F /* WorkPeriodMainPredicateTemplate.m in Sources */,
				D5AED85610C5AD8600AB1EE0 /* TTTimeProvider.m in Sources */,
				D5C934DC112C8E7800559D60 /* TTParsedPredicate.m in Sources */,
				D5488F3B1139C84A00E1C28C /* WeekdayPredicateTemplate.m in Sources */,
				D588FB9111B1C93300D7A8B0 /* TTaskNameTransformer.m in Sources */,
				D5CB9CFA11E2054400E3283E /* TaskEditorController.m in Sources */,
				D5D3175512382E17003A416A /* RSRTVArrayController.m in Sources */,
				D5E913AF123833D00044A9C4 /* TTaskMover.m in Sources */,
			);
			runOnlyForDeploymentPostprocessing = 0;
		};
/* End PBXSourcesBuildPhase section */

/* Begin PBXTargetDependency section */
		B19BDFB50B5C94FA00465046 /* PBXTargetDependency */ = {
			isa = PBXTargetDependency;
			target = 8D1107260486CEB800E47090 /* Time Tracker */;
			targetProxy = B19BDFB40B5C94FA00465046 /* PBXContainerItemProxy */;
		};
/* End PBXTargetDependency section */

/* Begin PBXVariantGroup section */
		089C165CFE840E0CC02AAC07 /* InfoPlist.strings */ = {
			isa = PBXVariantGroup;
			children = (
				089C165DFE840E0CC02AAC07 /* English */,
				D5235F391238261F005D0C38 /* cs */,
			);
			name = InfoPlist.strings;
			sourceTree = "<group>";
		};
		D5235E9412381828005D0C38 /* BWToolkitLibrary.nib */ = {
			isa = PBXVariantGroup;
			children = (
				D5235E9512381828005D0C38 /* English */,
			);
			name = BWToolkitLibrary.nib;
			sourceTree = "<group>";
		};
		D5235E9612381828005D0C38 /* InfoPlist.strings */ = {
			isa = PBXVariantGroup;
			children = (
				D5235E9712381828005D0C38 /* English */,
			);
			name = InfoPlist.strings;
			sourceTree = "<group>";
		};
		D5A7616D10C1C24A004B88C7 /* MainMenu.xib */ = {
			isa = PBXVariantGroup;
			children = (
				D5A7616E10C1C24A004B88C7 /* English */,
				D5235F3712382604005D0C38 /* cs */,
			);
			name = MainMenu.xib;
			sourceTree = "<group>";
		};
		D5CB9CFE11E2055D00E3283E /* TaskEditor.xib */ = {
			isa = PBXVariantGroup;
			children = (
				D5CB9CFF11E2055D00E3283E /* English */,
				D5235F3812382610005D0C38 /* cs */,
			);
			name = TaskEditor.xib;
			sourceTree = "<group>";
		};
/* End PBXVariantGroup section */

/* Begin XCBuildConfiguration section */
		2CFAEE2209042EE900131DD6 /* Debug */ = {
			isa = XCBuildConfiguration;
			buildSettings = {
				ARCHS = "$(ARCHS_STANDARD_32_64_BIT)";
				BUNDLE_IDENTIFIER = com.slooz.timetracker;
				COPY_PHASE_STRIP = NO;
				FRAMEWORK_SEARCH_PATHS = (
					"$(inherited)",
					"$(FRAMEWORK_SEARCH_PATHS_QUOTED_FOR_TARGET_1)",
					"\"$(SRCROOT)/BWToolkit\"",
					"\"$(SRCROOT)/BWToolkit/BWToolkit.ibplugin/Contents/Frameworks\"",
				);
				FRAMEWORK_SEARCH_PATHS_QUOTED_FOR_TARGET_1 = "\"$(SRCROOT)\"";
				GCC_DYNAMIC_NO_PIC = NO;
				GCC_ENABLE_FIX_AND_CONTINUE = YES;
				GCC_GENERATE_DEBUGGING_SYMBOLS = YES;
				GCC_OPTIMIZATION_LEVEL = 0;
				GCC_PRECOMPILE_PREFIX_HEADER = YES;
				GCC_PREFIX_HEADER = "Time Tracker_Prefix.pch";
				GCC_WARN_ABOUT_RETURN_TYPE = YES;
				GCC_WARN_UNUSED_VARIABLE = YES;
				INFOPLIST_FILE = Info.plist;
				INSTALL_PATH = "$(HOME)/Applications";
				PREBINDING = NO;
				PRODUCT_NAME = "Time Tracker";
				WRAPPER_EXTENSION = app;
				ZERO_LINK = YES;
			};
			name = Debug;
		};
		2CFAEE2309042EE900131DD6 /* Release */ = {
			isa = XCBuildConfiguration;
			buildSettings = {
				ARCHS = "$(ARCHS_STANDARD_32_64_BIT)";
				BUNDLE_IDENTIFIER = com.slooz.timetracker;
				COPY_PHASE_STRIP = YES;
				FRAMEWORK_SEARCH_PATHS = (
					"$(inherited)",
					"$(FRAMEWORK_SEARCH_PATHS_QUOTED_FOR_TARGET_1)",
					"\"$(SRCROOT)/BWToolkit\"",
					"\"$(SRCROOT)/BWToolkit/BWToolkit.ibplugin/Contents/Frameworks\"",
				);
				FRAMEWORK_SEARCH_PATHS_QUOTED_FOR_TARGET_1 = "\"$(SRCROOT)\"";
				GCC_ENABLE_FIX_AND_CONTINUE = NO;
				GCC_GENERATE_DEBUGGING_SYMBOLS = NO;
				GCC_PRECOMPILE_PREFIX_HEADER = YES;
				GCC_PREFIX_HEADER = "Time Tracker_Prefix.pch";
				GCC_WARN_ABOUT_RETURN_TYPE = YES;
				GCC_WARN_UNUSED_VARIABLE = YES;
				INFOPLIST_FILE = Info.plist;
				INSTALL_PATH = "$(HOME)/Applications";
				PREBINDING = NO;
				PRODUCT_NAME = "Time Tracker";
				SDKROOT = macosx10.5;
				VALID_ARCHS = "ppc ppc64 ppc7400 ppc970 i386 x86_64";
				WRAPPER_EXTENSION = app;
				ZERO_LINK = NO;
			};
			name = Release;
		};
		2CFAEE2409042EE900131DD6 /* Default */ = {
			isa = XCBuildConfiguration;
			buildSettings = {
				ARCHS = "$(ARCHS_STANDARD_32_64_BIT)";
				BUNDLE_IDENTIFIER = com.slooz.timetracker;
				FRAMEWORK_SEARCH_PATHS = (
					"$(inherited)",
					"$(FRAMEWORK_SEARCH_PATHS_QUOTED_FOR_TARGET_1)",
					"\"$(SRCROOT)/BWToolkit\"",
					"\"$(SRCROOT)/BWToolkit/BWToolkit.ibplugin/Contents/Frameworks\"",
				);
				FRAMEWORK_SEARCH_PATHS_QUOTED_FOR_TARGET_1 = "\"$(SRCROOT)\"";
				GCC_GENERATE_DEBUGGING_SYMBOLS = NO;
				GCC_PRECOMPILE_PREFIX_HEADER = YES;
				GCC_PREFIX_HEADER = "Time Tracker_Prefix.pch";
				GCC_WARN_ABOUT_RETURN_TYPE = YES;
				GCC_WARN_UNUSED_VARIABLE = YES;
				INFOPLIST_FILE = Info.plist;
				INSTALL_PATH = "$(HOME)/Applications";
				PRODUCT_NAME = "Time Tracker";
				WRAPPER_EXTENSION = app;
			};
			name = Default;
		};
		2CFAEE2609042EE900131DD6 /* Debug */ = {
			isa = XCBuildConfiguration;
			buildSettings = {
				ARCHS = "$(ARCHS_STANDARD_32_64_BIT)";
				CURRENT_PROJECT_VERSION = 1.3.10;
				GCC_ENABLE_OBJC_GC = unsupported;
				MACOSX_DEPLOYMENT_TARGET = 10.5;
				RUN_CLANG_STATIC_ANALYZER = YES;
				SDKROOT = macosx10.5;
				VALID_ARCHS = "x86_64 i386";
				ZERO_LINK = YES;
			};
			name = Debug;
		};
		2CFAEE2709042EE900131DD6 /* Release */ = {
			isa = XCBuildConfiguration;
			buildSettings = {
				ARCHS = "$(ARCHS_STANDARD_32_64_BIT)";
				CURRENT_PROJECT_VERSION = 1.3.10;
				GCC_ENABLE_OBJC_GC = unsupported;
				MACOSX_DEPLOYMENT_TARGET = 10.5;
				RUN_CLANG_STATIC_ANALYZER = YES;
				SDKROOT = macosx10.5;
				VALID_ARCHS = "x86_64 i386";
			};
			name = Release;
		};
		2CFAEE2809042EE900131DD6 /* Default */ = {
			isa = XCBuildConfiguration;
			buildSettings = {
				ARCHS = "$(ARCHS_STANDARD_32_64_BIT)";
				CURRENT_PROJECT_VERSION = 1.3.10;
				GCC_ENABLE_OBJC_GC = unsupported;
				MACOSX_DEPLOYMENT_TARGET = 10.5;
				RUN_CLANG_STATIC_ANALYZER = YES;
				SDKROOT = macosx10.5;
				VALID_ARCHS = "x86_64 i386";
			};
			name = Default;
		};
		B19BDFBE0B5C955500465046 /* Debug */ = {
			isa = XCBuildConfiguration;
			buildSettings = {
				COPY_PHASE_STRIP = NO;
				GCC_DYNAMIC_NO_PIC = NO;
				GCC_GENERATE_DEBUGGING_SYMBOLS = YES;
				GCC_OPTIMIZATION_LEVEL = 0;
				PRODUCT_NAME = "Release Package";
			};
			name = Debug;
		};
		B19BDFBF0B5C955500465046 /* Release */ = {
			isa = XCBuildConfiguration;
			buildSettings = {
				COPY_PHASE_STRIP = YES;
				GCC_ENABLE_FIX_AND_CONTINUE = NO;
				GCC_GENERATE_DEBUGGING_SYMBOLS = NO;
				PRODUCT_NAME = "Release Package";
				ZERO_LINK = NO;
			};
			name = Release;
		};
		B19BDFC00B5C955500465046 /* Default */ = {
			isa = XCBuildConfiguration;
			buildSettings = {
				PRODUCT_NAME = "Release Package";
			};
			name = Default;
		};
/* End XCBuildConfiguration section */

/* Begin XCConfigurationList section */
		2CFAEE2109042EE900131DD6 /* Build configuration list for PBXNativeTarget "Time Tracker" */ = {
			isa = XCConfigurationList;
			buildConfigurations = (
				2CFAEE2209042EE900131DD6 /* Debug */,
				2CFAEE2309042EE900131DD6 /* Release */,
				2CFAEE2409042EE900131DD6 /* Default */,
			);
			defaultConfigurationIsVisible = 0;
			defaultConfigurationName = Default;
		};
		2CFAEE2509042EE900131DD6 /* Build configuration list for PBXProject "Time Tracker" */ = {
			isa = XCConfigurationList;
			buildConfigurations = (
				2CFAEE2609042EE900131DD6 /* Debug */,
				2CFAEE2709042EE900131DD6 /* Release */,
				2CFAEE2809042EE900131DD6 /* Default */,
			);
			defaultConfigurationIsVisible = 0;
			defaultConfigurationName = Default;
		};
		B19BDFBD0B5C955500465046 /* Build configuration list for PBXAggregateTarget "Release Package" */ = {
			isa = XCConfigurationList;
			buildConfigurations = (
				B19BDFBE0B5C955500465046 /* Debug */,
				B19BDFBF0B5C955500465046 /* Release */,
				B19BDFC00B5C955500465046 /* Default */,
			);
			defaultConfigurationIsVisible = 0;
			defaultConfigurationName = Default;
		};
/* End XCConfigurationList section */
	};
	rootObject = 29B97313FDCFA39411CA2CEA /* Project object */;
}
