// !$*UTF8*$!
{
	archiveVersion = 1;
	classes = {
	};
	objectVersion = 42;
	objects = {

/* Begin PBXAggregateTarget section */
		B19BDFB30B5C94F200465046 /* Release Package */ = {
			isa = PBXAggregateTarget;
			buildConfigurationList = B19BDFBD0B5C955500465046 /* Build configuration list for PBXAggregateTarget "Release Package" */;
			buildPhases = (
				B19BDFB20B5C94F200465046 /* CopyFiles */,
			);
			dependencies = (
				B19BDFB50B5C94FA00465046 /* PBXTargetDependency */,
			);
			name = "Release Package";
			productName = "Release Package";
		};
/* End PBXAggregateTarget section */

/* Begin PBXBuildFile section */
		2C4528A70909AACB003C0369 /* Carbon.framework in Frameworks */ = {isa = PBXBuildFile; fileRef = 2C4528A60909AACB003C0369 /* Carbon.framework */; };
		2C4528B20909AAE5003C0369 /* IOKit.framework in Frameworks */ = {isa = PBXBuildFile; fileRef = 2C4528B10909AAE5003C0369 /* IOKit.framework */; };
		2C9DB948090675EB0039C62A /* addprojecttool.png in Resources */ = {isa = PBXBuildFile; fileRef = 2C9DB944090675EB0039C62A /* addprojecttool.png */; };
		2C9DB949090675EB0039C62A /* addtasktool.png in Resources */ = {isa = PBXBuildFile; fileRef = 2C9DB945090675EB0039C62A /* addtasktool.png */; };
		2C9DB94A090675EB0039C62A /* playtool.png in Resources */ = {isa = PBXBuildFile; fileRef = 2C9DB946090675EB0039C62A /* playtool.png */; };
		2C9DB94B090675EB0039C62A /* stoptool.png in Resources */ = {isa = PBXBuildFile; fileRef = 2C9DB947090675EB0039C62A /* stoptool.png */; };
		2C9DB974090677B20039C62A /* Icon.icns in Resources */ = {isa = PBXBuildFile; fileRef = 2C9DB973090677B20039C62A /* Icon.icns */; };
		2C9DD71B0905824F00AA5C6E /* playitem_hl.png in Resources */ = {isa = PBXBuildFile; fileRef = 2C9DD7170905824F00AA5C6E /* playitem_hl.png */; };
		2C9DD71C0905824F00AA5C6E /* playitem.png in Resources */ = {isa = PBXBuildFile; fileRef = 2C9DD7180905824F00AA5C6E /* playitem.png */; };
		2C9DD71D0905824F00AA5C6E /* stopitem_hl.png in Resources */ = {isa = PBXBuildFile; fileRef = 2C9DD7190905824F00AA5C6E /* stopitem_hl.png */; };
		2C9DD71E0905824F00AA5C6E /* stopitem.png in Resources */ = {isa = PBXBuildFile; fileRef = 2C9DD71A0905824F00AA5C6E /* stopitem.png */; };
		2C9EC8D20905A5F2000651F2 /* TTask.m in Sources */ = {isa = PBXBuildFile; fileRef = 2C9EC8D10905A5F2000651F2 /* TTask.m */; };
		2C9EC8D70905A5FE000651F2 /* TProject.m in Sources */ = {isa = PBXBuildFile; fileRef = 2C9EC8D60905A5FE000651F2 /* TProject.m */; };
		2C9EC93F0905A9F6000651F2 /* TimeIntervalFormatter.m in Sources */ = {isa = PBXBuildFile; fileRef = 2C9EC93E0905A9F6000651F2 /* TimeIntervalFormatter.m */; };
		2C9EC9540905ABAE000651F2 /* TWorkPeriod.m in Sources */ = {isa = PBXBuildFile; fileRef = 2C9EC9530905ABAE000651F2 /* TWorkPeriod.m */; };
		2CFAEE2D09042FC000131DD6 /* MainController.m in Sources */ = {isa = PBXBuildFile; fileRef = 2CFAEE2C09042FC000131DD6 /* MainController.m */; };
		8D11072A0486CEB800E47090 /* MainMenu.nib in Resources */ = {isa = PBXBuildFile; fileRef = 29B97318FDCFA39411CA2CEA /* MainMenu.nib */; };
		8D11072B0486CEB800E47090 /* InfoPlist.strings in Resources */ = {isa = PBXBuildFile; fileRef = 089C165CFE840E0CC02AAC07 /* InfoPlist.strings */; };
		8D11072D0486CEB800E47090 /* main.m in Sources */ = {isa = PBXBuildFile; fileRef = 29B97316FDCFA39411CA2CEA /* main.m */; settings = {ATTRIBUTES = (); }; };
		8D11072F0486CEB800E47090 /* Cocoa.framework in Frameworks */ = {isa = PBXBuildFile; fileRef = 1058C7A1FEA54F0111CA2CBB /* Cocoa.framework */; };
		B163D4080B646240007D0E2C /* AUTHORS.txt in CopyFiles */ = {isa = PBXBuildFile; fileRef = B163D4040B646239007D0E2C /* AUTHORS.txt */; };
		B163D4090B646240007D0E2C /* LICENSE-GPL.txt in CopyFiles */ = {isa = PBXBuildFile; fileRef = B163D4050B646239007D0E2C /* LICENSE-GPL.txt */; };
		B19BDFBC0B5C953700465046 /* Time Tracker.app in CopyFiles */ = {isa = PBXBuildFile; fileRef = 8D1107320486CEB800E47090 /* Time Tracker.app */; };
		B19BDFC50B5C956F00465046 /* ChangeLog.txt in CopyFiles */ = {isa = PBXBuildFile; fileRef = B19BDFC10B5C956700465046 /* ChangeLog.txt */; };
		B19BDFC60B5C956F00465046 /* LICENSE.txt in CopyFiles */ = {isa = PBXBuildFile; fileRef = B19BDFC20B5C956700465046 /* LICENSE.txt */; };
		B1AB15830CEBC9A50025CF12 /* Sparkle.framework in Frameworks */ = {isa = PBXBuildFile; fileRef = B1AB15820CEBC9A50025CF12 /* Sparkle.framework */; };
		B1AB159D0CEBC9FC0025CF12 /* Sparkle.framework in CopyFiles */ = {isa = PBXBuildFile; fileRef = B1AB15820CEBC9A50025CF12 /* Sparkle.framework */; };
		D53109FF0E6BD207004E7B98 /* PreferencesController.m in Sources */ = {isa = PBXBuildFile; fileRef = D53109FE0E6BD207004E7B98 /* PreferencesController.m */; };
		D581A8140CFF3BBA006A0DC1 /* TMetaProject.m in Sources */ = {isa = PBXBuildFile; fileRef = D581A8110CFF3BBA006A0DC1 /* TMetaProject.m */; };
		D581A8150CFF3BBA006A0DC1 /* TMetaTask.m in Sources */ = {isa = PBXBuildFile; fileRef = D581A8130CFF3BBA006A0DC1 /* TMetaTask.m */; };
		D5A8713A0E6E73CC00F41819 /* StartTaskMenuDelegate.m in Sources */ = {isa = PBXBuildFile; fileRef = D5A871390E6E73CC00F41819 /* StartTaskMenuDelegate.m */; };
		D5A871410E6E783500F41819 /* TDateTransformer.m in Sources */ = {isa = PBXBuildFile; fileRef = D5A871400E6E783500F41819 /* TDateTransformer.m */; };
		D5B0A2C80D24D15A004DBF70 /* pickdateofftool.png in Resources */ = {isa = PBXBuildFile; fileRef = D5B0A2C60D24D15A004DBF70 /* pickdateofftool.png */; };
		D5B0A2C90D24D15A004DBF70 /* pickdatetool.png in Resources */ = {isa = PBXBuildFile; fileRef = D5B0A2C70D24D15A004DBF70 /* pickdatetool.png */; };
		D5E58E400D243A21003020AA /* dayofftool.png in Resources */ = {isa = PBXBuildFile; fileRef = D5E58E3A0D243A21003020AA /* dayofftool.png */; };
		D5E58E410D243A21003020AA /* daytool.png in Resources */ = {isa = PBXBuildFile; fileRef = D5E58E3B0D243A21003020AA /* daytool.png */; };
		D5E58E420D243A21003020AA /* monthofftool.png in Resources */ = {isa = PBXBuildFile; fileRef = D5E58E3C0D243A21003020AA /* monthofftool.png */; };
		D5E58E430D243A21003020AA /* monthtool.png in Resources */ = {isa = PBXBuildFile; fileRef = D5E58E3D0D243A21003020AA /* monthtool.png */; };
		D5E58E440D243A21003020AA /* weekofftool.png in Resources */ = {isa = PBXBuildFile; fileRef = D5E58E3E0D243A21003020AA /* weekofftool.png */; };
		D5E58E450D243A21003020AA /* weektool.png in Resources */ = {isa = PBXBuildFile; fileRef = D5E58E3F0D243A21003020AA /* weektool.png */; };
/* End PBXBuildFile section */

/* Begin PBXContainerItemProxy section */
		B19BDFB40B5C94FA00465046 /* PBXContainerItemProxy */ = {
			isa = PBXContainerItemProxy;
			containerPortal = 29B97313FDCFA39411CA2CEA /* Project object */;
			proxyType = 1;
			remoteGlobalIDString = 8D1107260486CEB800E47090;
			remoteInfo = "Time Tracker";
		};
/* End PBXContainerItemProxy section */

/* Begin PBXCopyFilesBuildPhase section */
		B19BDFB20B5C94F200465046 /* CopyFiles */ = {
			isa = PBXCopyFilesBuildPhase;
			buildActionMask = 2147483647;
			dstPath = Release;
			dstSubfolderSpec = 16;
			files = (
				B163D4080B646240007D0E2C /* AUTHORS.txt in CopyFiles */,
				B163D4090B646240007D0E2C /* LICENSE-GPL.txt in CopyFiles */,
				B19BDFC50B5C956F00465046 /* ChangeLog.txt in CopyFiles */,
				B19BDFC60B5C956F00465046 /* LICENSE.txt in CopyFiles */,
				B19BDFBC0B5C953700465046 /* Time Tracker.app in CopyFiles */,
			);
			runOnlyForDeploymentPostprocessing = 0;
		};
		B1AB15990CEBC9E00025CF12 /* CopyFiles */ = {
			isa = PBXCopyFilesBuildPhase;
			buildActionMask = 2147483647;
			dstPath = "";
			dstSubfolderSpec = 10;
			files = (
				B1AB159D0CEBC9FC0025CF12 /* Sparkle.framework in CopyFiles */,
			);
			runOnlyForDeploymentPostprocessing = 0;
		};
/* End PBXCopyFilesBuildPhase section */

/* Begin PBXFileReference section */
		089C165DFE840E0CC02AAC07 /* English */ = {isa = PBXFileReference; fileEncoding = 10; lastKnownFileType = text.plist.strings; name = English; path = English.lproj/InfoPlist.strings; sourceTree = "<group>"; };
		1058C7A1FEA54F0111CA2CBB /* Cocoa.framework */ = {isa = PBXFileReference; lastKnownFileType = wrapper.framework; name = Cocoa.framework; path = /System/Library/Frameworks/Cocoa.framework; sourceTree = "<absolute>"; };
		13E42FB307B3F0F600E4EEF1 /* CoreData.framework */ = {isa = PBXFileReference; lastKnownFileType = wrapper.framework; name = CoreData.framework; path = /System/Library/Frameworks/CoreData.framework; sourceTree = "<absolute>"; };
		29B97316FDCFA39411CA2CEA /* main.m */ = {isa = PBXFileReference; fileEncoding = 4; lastKnownFileType = sourcecode.c.objc; path = main.m; sourceTree = "<group>"; };
		29B97319FDCFA39411CA2CEA /* English */ = {isa = PBXFileReference; lastKnownFileType = wrapper.nib; name = English; path = English.lproj/MainMenu.nib; sourceTree = "<group>"; };
		29B97324FDCFA39411CA2CEA /* AppKit.framework */ = {isa = PBXFileReference; lastKnownFileType = wrapper.framework; name = AppKit.framework; path = /System/Library/Frameworks/AppKit.framework; sourceTree = "<absolute>"; };
		29B97325FDCFA39411CA2CEA /* Foundation.framework */ = {isa = PBXFileReference; lastKnownFileType = wrapper.framework; name = Foundation.framework; path = /System/Library/Frameworks/Foundation.framework; sourceTree = "<absolute>"; };
		2C4528A60909AACB003C0369 /* Carbon.framework */ = {isa = PBXFileReference; lastKnownFileType = wrapper.framework; name = Carbon.framework; path = /System/Library/Frameworks/Carbon.framework; sourceTree = "<absolute>"; };
		2C4528B10909AAE5003C0369 /* IOKit.framework */ = {isa = PBXFileReference; lastKnownFileType = wrapper.framework; name = IOKit.framework; path = /System/Library/Frameworks/IOKit.framework; sourceTree = "<absolute>"; };
		2C9DB944090675EB0039C62A /* addprojecttool.png */ = {isa = PBXFileReference; lastKnownFileType = image.png; name = addprojecttool.png; path = Graphics/addprojecttool.png; sourceTree = "<group>"; };
		2C9DB945090675EB0039C62A /* addtasktool.png */ = {isa = PBXFileReference; lastKnownFileType = image.png; name = addtasktool.png; path = Graphics/addtasktool.png; sourceTree = "<group>"; };
		2C9DB946090675EB0039C62A /* playtool.png */ = {isa = PBXFileReference; lastKnownFileType = image.png; name = playtool.png; path = Graphics/playtool.png; sourceTree = "<group>"; };
		2C9DB947090675EB0039C62A /* stoptool.png */ = {isa = PBXFileReference; lastKnownFileType = image.png; name = stoptool.png; path = Graphics/stoptool.png; sourceTree = "<group>"; };
		2C9DB973090677B20039C62A /* Icon.icns */ = {isa = PBXFileReference; lastKnownFileType = image.icns; path = Icon.icns; sourceTree = "<group>"; };
		2C9DD7170905824F00AA5C6E /* playitem_hl.png */ = {isa = PBXFileReference; lastKnownFileType = image.png; name = playitem_hl.png; path = Graphics/playitem_hl.png; sourceTree = "<group>"; };
		2C9DD7180905824F00AA5C6E /* playitem.png */ = {isa = PBXFileReference; lastKnownFileType = image.png; name = playitem.png; path = Graphics/playitem.png; sourceTree = "<group>"; };
		2C9DD7190905824F00AA5C6E /* stopitem_hl.png */ = {isa = PBXFileReference; lastKnownFileType = image.png; name = stopitem_hl.png; path = Graphics/stopitem_hl.png; sourceTree = "<group>"; };
		2C9DD71A0905824F00AA5C6E /* stopitem.png */ = {isa = PBXFileReference; lastKnownFileType = image.png; name = stopitem.png; path = Graphics/stopitem.png; sourceTree = "<group>"; };
		2C9EC8D00905A5F2000651F2 /* TTask.h */ = {isa = PBXFileReference; fileEncoding = 4; lastKnownFileType = sourcecode.c.h; name = TTask.h; path = src/objc/TTask.h; sourceTree = "<group>"; };
		2C9EC8D10905A5F2000651F2 /* TTask.m */ = {isa = PBXFileReference; fileEncoding = 4; lastKnownFileType = sourcecode.c.objc; name = TTask.m; path = src/objc/TTask.m; sourceTree = "<group>"; };
		2C9EC8D50905A5FE000651F2 /* TProject.h */ = {isa = PBXFileReference; fileEncoding = 4; lastKnownFileType = sourcecode.c.h; name = TProject.h; path = src/objc/TProject.h; sourceTree = "<group>"; };
		2C9EC8D60905A5FE000651F2 /* TProject.m */ = {isa = PBXFileReference; fileEncoding = 4; lastKnownFileType = sourcecode.c.objc; name = TProject.m; path = src/objc/TProject.m; sourceTree = "<group>"; };
		2C9EC93D0905A9F6000651F2 /* TimeIntervalFormatter.h */ = {isa = PBXFileReference; fileEncoding = 4; lastKnownFileType = sourcecode.c.h; name = TimeIntervalFormatter.h; path = src/objc/TimeIntervalFormatter.h; sourceTree = "<group>"; };
		2C9EC93E0905A9F6000651F2 /* TimeIntervalFormatter.m */ = {isa = PBXFileReference; fileEncoding = 4; lastKnownFileType = sourcecode.c.objc; name = TimeIntervalFormatter.m; path = src/objc/TimeIntervalFormatter.m; sourceTree = "<group>"; };
		2C9EC9530905ABAE000651F2 /* TWorkPeriod.m */ = {isa = PBXFileReference; fileEncoding = 4; lastKnownFileType = sourcecode.c.objc; name = TWorkPeriod.m; path = src/objc/TWorkPeriod.m; sourceTree = "<group>"; };
		2CFAEE2B09042FC000131DD6 /* MainController.h */ = {isa = PBXFileReference; fileEncoding = 30; lastKnownFileType = sourcecode.c.h; name = MainController.h; path = src/cocoa/MainController.h; sourceTree = "<group>"; };
		2CFAEE2C09042FC000131DD6 /* MainController.m */ = {isa = PBXFileReference; fileEncoding = 30; lastKnownFileType = sourcecode.c.objc; name = MainController.m; path = src/cocoa/MainController.m; sourceTree = "<group>"; };
		32CA4F630368D1EE00C91783 /* Time Tracker_Prefix.pch */ = {isa = PBXFileReference; fileEncoding = 4; lastKnownFileType = sourcecode.c.h; path = "Time Tracker_Prefix.pch"; sourceTree = "<group>"; };
		8D1107310486CEB800E47090 /* Info.plist */ = {isa = PBXFileReference; fileEncoding = 4; lastKnownFileType = text.plist; path = Info.plist; sourceTree = "<group>"; };
		8D1107320486CEB800E47090 /* Time Tracker.app */ = {isa = PBXFileReference; explicitFileType = wrapper.application; includeInIndex = 0; path = "Time Tracker.app"; sourceTree = BUILT_PRODUCTS_DIR; };
		B163D4040B646239007D0E2C /* AUTHORS.txt */ = {isa = PBXFileReference; fileEncoding = 4; lastKnownFileType = text; path = AUTHORS.txt; sourceTree = "<group>"; };
		B163D4050B646239007D0E2C /* LICENSE-GPL.txt */ = {isa = PBXFileReference; fileEncoding = 4; lastKnownFileType = text; path = "LICENSE-GPL.txt"; sourceTree = "<group>"; };
		B19BDFC10B5C956700465046 /* ChangeLog.txt */ = {isa = PBXFileReference; fileEncoding = 4; lastKnownFileType = text; path = ChangeLog.txt; sourceTree = SOURCE_ROOT; };
		B19BDFC20B5C956700465046 /* LICENSE.txt */ = {isa = PBXFileReference; fileEncoding = 4; lastKnownFileType = text; path = LICENSE.txt; sourceTree = SOURCE_ROOT; };
		B1AB15820CEBC9A50025CF12 /* Sparkle.framework */ = {isa = PBXFileReference; lastKnownFileType = wrapper.framework; path = Sparkle.framework; sourceTree = "<group>"; };
		D53109FD0E6BD207004E7B98 /* PreferencesController.h */ = {isa = PBXFileReference; fileEncoding = 4; lastKnownFileType = sourcecode.c.h; name = PreferencesController.h; path = src/cocoa/PreferencesController.h; sourceTree = "<group>"; };
		D53109FE0E6BD207004E7B98 /* PreferencesController.m */ = {isa = PBXFileReference; fileEncoding = 4; lastKnownFileType = sourcecode.c.objc; name = PreferencesController.m; path = src/cocoa/PreferencesController.m; sourceTree = "<group>"; };
		D56D802E10B5F21F00C3729B /* ITask.h */ = {isa = PBXFileReference; fileEncoding = 4; lastKnownFileType = sourcecode.c.h; name = ITask.h; path = src/objc/ITask.h; sourceTree = "<group>"; };
		D581A8100CFF3BBA006A0DC1 /* TMetaProject.h */ = {isa = PBXFileReference; fileEncoding = 4; lastKnownFileType = sourcecode.c.h; name = TMetaProject.h; path = src/objc/TMetaProject.h; sourceTree = "<group>"; };
		D581A8110CFF3BBA006A0DC1 /* TMetaProject.m */ = {isa = PBXFileReference; fileEncoding = 4; lastKnownFileType = sourcecode.c.objc; name = TMetaProject.m; path = src/objc/TMetaProject.m; sourceTree = "<group>"; };
		D581A8120CFF3BBA006A0DC1 /* TMetaTask.h */ = {isa = PBXFileReference; fileEncoding = 4; lastKnownFileType = sourcecode.c.h; name = TMetaTask.h; path = src/objc/TMetaTask.h; sourceTree = "<group>"; };
		D581A8130CFF3BBA006A0DC1 /* TMetaTask.m */ = {isa = PBXFileReference; fileEncoding = 4; lastKnownFileType = sourcecode.c.objc; name = TMetaTask.m; path = src/objc/TMetaTask.m; sourceTree = "<group>"; };
		D58EEB640D09D2830043384C /* TWorkPeriod.h */ = {isa = PBXFileReference; fileEncoding = 4; lastKnownFileType = sourcecode.c.h; name = TWorkPeriod.h; path = src/objc/TWorkPeriod.h; sourceTree = "<group>"; };
		D59DC2090CFF63CA000F08A8 /* TDateTransformer.h */ = {isa = PBXFileReference; fileEncoding = 4; lastKnownFileType = sourcecode.c.h; name = TDateTransformer.h; path = src/objc/TDateTransformer.h; sourceTree = "<group>"; };
		D5A871240E6E6B1C00F41819 /* IProject.h */ = {isa = PBXFileReference; fileEncoding = 4; lastKnownFileType = sourcecode.c.h; name = IProject.h; path = src/objc/IProject.h; sourceTree = "<group>"; };
		D5A871380E6E73CC00F41819 /* StartTaskMenuDelegate.h */ = {isa = PBXFileReference; fileEncoding = 4; lastKnownFileType = sourcecode.c.h; name = StartTaskMenuDelegate.h; path = src/cocoa/StartTaskMenuDelegate.h; sourceTree = "<group>"; };
		D5A871390E6E73CC00F41819 /* StartTaskMenuDelegate.m */ = {isa = PBXFileReference; fileEncoding = 4; lastKnownFileType = sourcecode.c.objc; name = StartTaskMenuDelegate.m; path = src/cocoa/StartTaskMenuDelegate.m; sourceTree = "<group>"; };
		D5A871400E6E783500F41819 /* TDateTransformer.m */ = {isa = PBXFileReference; fileEncoding = 4; lastKnownFileType = sourcecode.c.objc; name = TDateTransformer.m; path = src/objc/TDateTransformer.m; sourceTree = "<group>"; };
		D5B0A2C60D24D15A004DBF70 /* pickdateofftool.png */ = {isa = PBXFileReference; lastKnownFileType = image.png; name = pickdateofftool.png; path = Graphics/pickdateofftool.png; sourceTree = "<group>"; };
		D5B0A2C70D24D15A004DBF70 /* pickdatetool.png */ = {isa = PBXFileReference; lastKnownFileType = image.png; name = pickdatetool.png; path = Graphics/pickdatetool.png; sourceTree = "<group>"; };
		D5E58E3A0D243A21003020AA /* dayofftool.png */ = {isa = PBXFileReference; lastKnownFileType = image.png; name = dayofftool.png; path = Graphics/dayofftool.png; sourceTree = "<group>"; };
		D5E58E3B0D243A21003020AA /* daytool.png */ = {isa = PBXFileReference; lastKnownFileType = image.png; name = daytool.png; path = Graphics/daytool.png; sourceTree = "<group>"; };
		D5E58E3C0D243A21003020AA /* monthofftool.png */ = {isa = PBXFileReference; lastKnownFileType = image.png; name = monthofftool.png; path = Graphics/monthofftool.png; sourceTree = "<group>"; };
		D5E58E3D0D243A21003020AA /* monthtool.png */ = {isa = PBXFileReference; lastKnownFileType = image.png; name = monthtool.png; path = Graphics/monthtool.png; sourceTree = "<group>"; };
		D5E58E3E0D243A21003020AA /* weekofftool.png */ = {isa = PBXFileReference; lastKnownFileType = image.png; name = weekofftool.png; path = Graphics/weekofftool.png; sourceTree = "<group>"; };
		D5E58E3F0D243A21003020AA /* weektool.png */ = {isa = PBXFileReference; lastKnownFileType = image.png; name = weektool.png; path = Graphics/weektool.png; sourceTree = "<group>"; };
/* End PBXFileReference section */

/* Begin PBXFrameworksBuildPhase section */
		8D11072E0486CEB800E47090 /* Frameworks */ = {
			isa = PBXFrameworksBuildPhase;
			buildActionMask = 2147483647;
			files = (
				8D11072F0486CEB800E47090 /* Cocoa.framework in Frameworks */,
				2C4528A70909AACB003C0369 /* Carbon.framework in Frameworks */,
				2C4528B20909AAE5003C0369 /* IOKit.framework in Frameworks */,
				B1AB15830CEBC9A50025CF12 /* Sparkle.framework in Frameworks */,
			);
			runOnlyForDeploymentPostprocessing = 0;
		};
/* End PBXFrameworksBuildPhase section */

/* Begin PBXGroup section */
		1058C7A0FEA54F0111CA2CBB /* Linked Frameworks */ = {
			isa = PBXGroup;
			children = (
				B1AB15820CEBC9A50025CF12 /* Sparkle.framework */,
				2C4528A60909AACB003C0369 /* Carbon.framework */,
				1058C7A1FEA54F0111CA2CBB /* Cocoa.framework */,
			);
			name = "Linked Frameworks";
			sourceTree = "<group>";
		};
		1058C7A2FEA54F0111CA2CBB /* Other Frameworks */ = {
			isa = PBXGroup;
			children = (
				2C4528B10909AAE5003C0369 /* IOKit.framework */,
				29B97324FDCFA39411CA2CEA /* AppKit.framework */,
				13E42FB307B3F0F600E4EEF1 /* CoreData.framework */,
				29B97325FDCFA39411CA2CEA /* Foundation.framework */,
			);
			name = "Other Frameworks";
			sourceTree = "<group>";
		};
		19C28FACFE9D520D11CA2CBB /* Products */ = {
			isa = PBXGroup;
			children = (
				8D1107320486CEB800E47090 /* Time Tracker.app */,
			);
			name = Products;
			sourceTree = "<group>";
		};
		29B97314FDCFA39411CA2CEA /* Time Tracker */ = {
			isa = PBXGroup;
			children = (
				D56D801A10B5F15C00C3729B /* src */,
				2C9DD7100905824100AA5C6E /* Graphics */,
				29B97315FDCFA39411CA2CEA /* Other Sources */,
				29B97317FDCFA39411CA2CEA /* Resources */,
				29B97323FDCFA39411CA2CEA /* Frameworks */,
				19C28FACFE9D520D11CA2CBB /* Products */,
			);
			name = "Time Tracker";
			sourceTree = "<group>";
		};
		29B97315FDCFA39411CA2CEA /* Other Sources */ = {
			isa = PBXGroup;
			children = (
				32CA4F630368D1EE00C91783 /* Time Tracker_Prefix.pch */,
				29B97316FDCFA39411CA2CEA /* main.m */,
			);
			name = "Other Sources";
			sourceTree = "<group>";
		};
		29B97317FDCFA39411CA2CEA /* Resources */ = {
			isa = PBXGroup;
			children = (
				B163D4040B646239007D0E2C /* AUTHORS.txt */,
				B163D4050B646239007D0E2C /* LICENSE-GPL.txt */,
				B19BDFC10B5C956700465046 /* ChangeLog.txt */,
				B19BDFC20B5C956700465046 /* LICENSE.txt */,
				2C9DB973090677B20039C62A /* Icon.icns */,
				8D1107310486CEB800E47090 /* Info.plist */,
				089C165CFE840E0CC02AAC07 /* InfoPlist.strings */,
				29B97318FDCFA39411CA2CEA /* MainMenu.nib */,
			);
			name = Resources;
			sourceTree = "<group>";
		};
		29B97323FDCFA39411CA2CEA /* Frameworks */ = {
			isa = PBXGroup;
			children = (
				1058C7A0FEA54F0111CA2CBB /* Linked Frameworks */,
				1058C7A2FEA54F0111CA2CBB /* Other Frameworks */,
			);
			name = Frameworks;
			sourceTree = "<group>";
		};
		2C9DD7100905824100AA5C6E /* Graphics */ = {
			isa = PBXGroup;
			children = (
				D5B0A2C60D24D15A004DBF70 /* pickdateofftool.png */,
				D5B0A2C70D24D15A004DBF70 /* pickdatetool.png */,
				D5E58E3A0D243A21003020AA /* dayofftool.png */,
				D5E58E3B0D243A21003020AA /* daytool.png */,
				D5E58E3C0D243A21003020AA /* monthofftool.png */,
				D5E58E3D0D243A21003020AA /* monthtool.png */,
				D5E58E3E0D243A21003020AA /* weekofftool.png */,
				D5E58E3F0D243A21003020AA /* weektool.png */,
				2C9DB944090675EB0039C62A /* addprojecttool.png */,
				2C9DB945090675EB0039C62A /* addtasktool.png */,
				2C9DB946090675EB0039C62A /* playtool.png */,
				2C9DB947090675EB0039C62A /* stoptool.png */,
				2C9DD7170905824F00AA5C6E /* playitem_hl.png */,
				2C9DD7180905824F00AA5C6E /* playitem.png */,
				2C9DD7190905824F00AA5C6E /* stopitem_hl.png */,
				2C9DD71A0905824F00AA5C6E /* stopitem.png */,
			);
			name = Graphics;
			sourceTree = "<group>";
		};
		D56D801A10B5F15C00C3729B /* src */ = {
			isa = PBXGroup;
			children = (
				D56D801B10B5F16200C3729B /* cocoa */,
				D56D801C10B5F16800C3729B /* objc */,
			);
			name = src;
			sourceTree = "<group>";
		};
		D56D801B10B5F16200C3729B /* cocoa */ = {
			isa = PBXGroup;
			children = (
				D53109FD0E6BD207004E7B98 /* PreferencesController.h */,
				D53109FE0E6BD207004E7B98 /* PreferencesController.m */,
				D5A871380E6E73CC00F41819 /* StartTaskMenuDelegate.h */,
				D5A871390E6E73CC00F41819 /* StartTaskMenuDelegate.m */,
				2CFAEE2B09042FC000131DD6 /* MainController.h */,
				2CFAEE2C09042FC000131DD6 /* MainController.m */,
			);
			name = cocoa;
			sourceTree = "<group>";
		};
		D56D801C10B5F16800C3729B /* objc */ = {
			isa = PBXGroup;
			children = (
				D5A871240E6E6B1C00F41819 /* IProject.h */,
				D56D802E10B5F21F00C3729B /* ITask.h */,
				D59DC2090CFF63CA000F08A8 /* TDateTransformer.h */,
				D5A871400E6E783500F41819 /* TDateTransformer.m */,
				D581A8100CFF3BBA006A0DC1 /* TMetaProject.h */,
				D581A8110CFF3BBA006A0DC1 /* TMetaProject.m */,
				D581A8120CFF3BBA006A0DC1 /* TMetaTask.h */,
				D581A8130CFF3BBA006A0DC1 /* TMetaTask.m */,
				D58EEB640D09D2830043384C /* TWorkPeriod.h */,
				2C9EC9530905ABAE000651F2 /* TWorkPeriod.m */,
				2C9EC93D0905A9F6000651F2 /* TimeIntervalFormatter.h */,
				2C9EC93E0905A9F6000651F2 /* TimeIntervalFormatter.m */,
				2C9EC8D00905A5F2000651F2 /* TTask.h */,
				2C9EC8D10905A5F2000651F2 /* TTask.m */,
				2C9EC8D50905A5FE000651F2 /* TProject.h */,
				2C9EC8D60905A5FE000651F2 /* TProject.m */,
			);
			name = objc;
			sourceTree = "<group>";
		};
/* End PBXGroup section */

/* Begin PBXNativeTarget section */
		8D1107260486CEB800E47090 /* Time Tracker */ = {
			isa = PBXNativeTarget;
			buildConfigurationList = 2CFAEE2109042EE900131DD6 /* Build configuration list for PBXNativeTarget "Time Tracker" */;
			buildPhases = (
				8D11072C0486CEB800E47090 /* Sources */,
				8D1107290486CEB800E47090 /* Resources */,
				8D11072E0486CEB800E47090 /* Frameworks */,
				B1AB15990CEBC9E00025CF12 /* CopyFiles */,
			);
			buildRules = (
			);
			dependencies = (
			);
			name = "Time Tracker";
			productInstallPath = "$(HOME)/Applications";
			productName = "Time Tracker";
			productReference = 8D1107320486CEB800E47090 /* Time Tracker.app */;
			productType = "com.apple.product-type.application";
		};
/* End PBXNativeTarget section */

/* Begin PBXProject section */
		29B97313FDCFA39411CA2CEA /* Project object */ = {
			isa = PBXProject;
			buildConfigurationList = 2CFAEE2509042EE900131DD6 /* Build configuration list for PBXProject "Time Tracker" */;
			compatibilityVersion = "Xcode 2.4";
			hasScannedForEncodings = 1;
			mainGroup = 29B97314FDCFA39411CA2CEA /* Time Tracker */;
			projectDirPath = "";
			projectRoot = "";
			targets = (
				8D1107260486CEB800E47090 /* Time Tracker */,
				B19BDFB30B5C94F200465046 /* Release Package */,
			);
		};
/* End PBXProject section */

/* Begin PBXResourcesBuildPhase section */
		8D1107290486CEB800E47090 /* Resources */ = {
			isa = PBXResourcesBuildPhase;
			buildActionMask = 2147483647;
			files = (
				8D11072A0486CEB800E47090 /* MainMenu.nib in Resources */,
				8D11072B0486CEB800E47090 /* InfoPlist.strings in Resources */,
				2C9DD71B0905824F00AA5C6E /* playitem_hl.png in Resources */,
				2C9DD71C0905824F00AA5C6E /* playitem.png in Resources */,
				2C9DD71D0905824F00AA5C6E /* stopitem_hl.png in Resources */,
				2C9DD71E0905824F00AA5C6E /* stopitem.png in Resources */,
				2C9DB948090675EB0039C62A /* addprojecttool.png in Resources */,
				2C9DB949090675EB0039C62A /* addtasktool.png in Resources */,
				2C9DB94A090675EB0039C62A /* playtool.png in Resources */,
				2C9DB94B090675EB0039C62A /* stoptool.png in Resources */,
				2C9DB974090677B20039C62A /* Icon.icns in Resources */,
				D5E58E400D243A21003020AA /* dayofftool.png in Resources */,
				D5E58E410D243A21003020AA /* daytool.png in Resources */,
				D5E58E420D243A21003020AA /* monthofftool.png in Resources */,
				D5E58E430D243A21003020AA /* monthtool.png in Resources */,
				D5E58E440D243A21003020AA /* weekofftool.png in Resources */,
				D5E58E450D243A21003020AA /* weektool.png in Resources */,
				D5B0A2C80D24D15A004DBF70 /* pickdateofftool.png in Resources */,
				D5B0A2C90D24D15A004DBF70 /* pickdatetool.png in Resources */,
			);
			runOnlyForDeploymentPostprocessing = 0;
		};
/* End PBXResourcesBuildPhase section */

/* Begin PBXSourcesBuildPhase section */
		8D11072C0486CEB800E47090 /* Sources */ = {
			isa = PBXSourcesBuildPhase;
			buildActionMask = 2147483647;
			files = (
				8D11072D0486CEB800E47090 /* main.m in Sources */,
				2CFAEE2D09042FC000131DD6 /* MainController.m in Sources */,
				2C9EC8D20905A5F2000651F2 /* TTask.m in Sources */,
				2C9EC8D70905A5FE000651F2 /* TProject.m in Sources */,
				2C9EC93F0905A9F6000651F2 /* TimeIntervalFormatter.m in Sources */,
				2C9EC9540905ABAE000651F2 /* TWorkPeriod.m in Sources */,
				D581A8140CFF3BBA006A0DC1 /* TMetaProject.m in Sources */,
				D581A8150CFF3BBA006A0DC1 /* TMetaTask.m in Sources */,
				D53109FF0E6BD207004E7B98 /* PreferencesController.m in Sources */,
				D5A8713A0E6E73CC00F41819 /* StartTaskMenuDelegate.m in Sources */,
				D5A871410E6E783500F41819 /* TDateTransformer.m in Sources */,
			);
			runOnlyForDeploymentPostprocessing = 0;
		};
/* End PBXSourcesBuildPhase section */

/* Begin PBXTargetDependency section */
		B19BDFB50B5C94FA00465046 /* PBXTargetDependency */ = {
			isa = PBXTargetDependency;
			target = 8D1107260486CEB800E47090 /* Time Tracker */;
			targetProxy = B19BDFB40B5C94FA00465046 /* PBXContainerItemProxy */;
		};
/* End PBXTargetDependency section */

/* Begin PBXVariantGroup section */
		089C165CFE840E0CC02AAC07 /* InfoPlist.strings */ = {
			isa = PBXVariantGroup;
			children = (
				089C165DFE840E0CC02AAC07 /* English */,
			);
			name = InfoPlist.strings;
			sourceTree = "<group>";
		};
		29B97318FDCFA39411CA2CEA /* MainMenu.nib */ = {
			isa = PBXVariantGroup;
			children = (
				29B97319FDCFA39411CA2CEA /* English */,
			);
			name = MainMenu.nib;
			sourceTree = "<group>";
		};
/* End PBXVariantGroup section */

/* Begin XCBuildConfiguration section */
		2CFAEE2209042EE900131DD6 /* Debug */ = {
			isa = XCBuildConfiguration;
			buildSettings = {
				ARCHS = "$(NATIVE_ARCH)";
				COPY_PHASE_STRIP = NO;
				FRAMEWORK_SEARCH_PATHS = (
					"$(inherited)",
					"$(FRAMEWORK_SEARCH_PATHS_QUOTED_FOR_TARGET_1)",
				);
				FRAMEWORK_SEARCH_PATHS_QUOTED_FOR_TARGET_1 = "\"$(SRCROOT)\"";
				GCC_DYNAMIC_NO_PIC = NO;
				GCC_ENABLE_FIX_AND_CONTINUE = YES;
				GCC_GENERATE_DEBUGGING_SYMBOLS = YES;
				GCC_OPTIMIZATION_LEVEL = 0;
				GCC_PRECOMPILE_PREFIX_HEADER = YES;
				GCC_PREFIX_HEADER = "Time Tracker_Prefix.pch";
				GCC_WARN_ABOUT_RETURN_TYPE = YES;
				GCC_WARN_UNUSED_VARIABLE = YES;
				INFOPLIST_FILE = Info.plist;
				INSTALL_PATH = "$(HOME)/Applications";
				PREBINDING = NO;
				PRODUCT_NAME = "Time Tracker";
				WRAPPER_EXTENSION = app;
				ZERO_LINK = YES;
			};
			name = Debug;
		};
		2CFAEE2309042EE900131DD6 /* Release */ = {
			isa = XCBuildConfiguration;
			buildSettings = {
				ARCHS = (
					i386,
					ppc,
				);
				COPY_PHASE_STRIP = YES;
				FRAMEWORK_SEARCH_PATHS = (
					"$(inherited)",
					"$(FRAMEWORK_SEARCH_PATHS_QUOTED_FOR_TARGET_1)",
				);
				FRAMEWORK_SEARCH_PATHS_QUOTED_FOR_TARGET_1 = "\"$(SRCROOT)\"";
				GCC_ENABLE_FIX_AND_CONTINUE = NO;
				GCC_GENERATE_DEBUGGING_SYMBOLS = NO;
				GCC_PRECOMPILE_PREFIX_HEADER = YES;
				GCC_PREFIX_HEADER = "Time Tracker_Prefix.pch";
				GCC_WARN_ABOUT_RETURN_TYPE = YES;
				GCC_WARN_UNUSED_VARIABLE = YES;
				INFOPLIST_FILE = Info.plist;
				INSTALL_PATH = "$(HOME)/Applications";
				PREBINDING = NO;
				PRODUCT_NAME = "Time Tracker";
				VALID_ARCHS = "ppc ppc64 ppc7400 ppc970 i386 x86_64";
				WRAPPER_EXTENSION = app;
				ZERO_LINK = NO;
			};
			name = Release;
		};
		2CFAEE2409042EE900131DD6 /* Default */ = {
			isa = XCBuildConfiguration;
			buildSettings = {
				ARCHS = "$(NATIVE_ARCH)";
				FRAMEWORK_SEARCH_PATHS = (
					"$(inherited)",
					"$(FRAMEWORK_SEARCH_PATHS_QUOTED_FOR_TARGET_1)",
				);
				FRAMEWORK_SEARCH_PATHS_QUOTED_FOR_TARGET_1 = "\"$(SRCROOT)\"";
				GCC_GENERATE_DEBUGGING_SYMBOLS = NO;
				GCC_PRECOMPILE_PREFIX_HEADER = YES;
				GCC_PREFIX_HEADER = "Time Tracker_Prefix.pch";
				GCC_WARN_ABOUT_RETURN_TYPE = YES;
				GCC_WARN_UNUSED_VARIABLE = YES;
				INFOPLIST_FILE = Info.plist;
				INSTALL_PATH = "$(HOME)/Applications";
				PRODUCT_NAME = "Time Tracker";
				WRAPPER_EXTENSION = app;
			};
			name = Default;
		};
		2CFAEE2609042EE900131DD6 /* Debug */ = {
			isa = XCBuildConfiguration;
			buildSettings = {
				ARCHS = "$(NATIVE_ARCH)";
				SDKROOT = /Developer/SDKs/MacOSX10.4u.sdk;
				ZERO_LINK = YES;
			};
			name = Debug;
		};
		2CFAEE2709042EE900131DD6 /* Release */ = {
			isa = XCBuildConfiguration;
			buildSettings = {
				ARCHS = (
					i386,
					ppc,
				);
				MACOSX_DEPLOYMENT_TARGET = 10.4;
				SDKROOT = /Developer/SDKs/MacOSX10.4u.sdk;
				VALID_ARCHS = "ppc64 ppc7400 ppc970 i386 x86_64";
			};
			name = Release;
		};
		2CFAEE2809042EE900131DD6 /* Default */ = {
			isa = XCBuildConfiguration;
			buildSettings = {
				SDKROOT = /Developer/SDKs/MacOSX10.4u.sdk;
			};
			name = Default;
		};
		B19BDFBE0B5C955500465046 /* Debug */ = {
			isa = XCBuildConfiguration;
			buildSettings = {
				COPY_PHASE_STRIP = NO;
				GCC_DYNAMIC_NO_PIC = NO;
				GCC_GENERATE_DEBUGGING_SYMBOLS = YES;
				GCC_OPTIMIZATION_LEVEL = 0;
				PRODUCT_NAME = "Release Package";
			};
			name = Debug;
		};
		B19BDFBF0B5C955500465046 /* Release */ = {
			isa = XCBuildConfiguration;
			buildSettings = {
				COPY_PHASE_STRIP = YES;
				GCC_ENABLE_FIX_AND_CONTINUE = NO;
				GCC_GENERATE_DEBUGGING_SYMBOLS = NO;
				PRODUCT_NAME = "Release Package";
				ZERO_LINK = NO;
			};
			name = Release;
		};
		B19BDFC00B5C955500465046 /* Default */ = {
			isa = XCBuildConfiguration;
			buildSettings = {
				PRODUCT_NAME = "Release Package";
			};
			name = Default;
		};
/* End XCBuildConfiguration section */

/* Begin XCConfigurationList section */
		2CFAEE2109042EE900131DD6 /* Build configuration list for PBXNativeTarget "Time Tracker" */ = {
			isa = XCConfigurationList;
			buildConfigurations = (
				2CFAEE2209042EE900131DD6 /* Debug */,
				2CFAEE2309042EE900131DD6 /* Release */,
				2CFAEE2409042EE900131DD6 /* Default */,
			);
			defaultConfigurationIsVisible = 0;
			defaultConfigurationName = Default;
		};
		2CFAEE2509042EE900131DD6 /* Build configuration list for PBXProject "Time Tracker" */ = {
			isa = XCConfigurationList;
			buildConfigurations = (
				2CFAEE2609042EE900131DD6 /* Debug */,
				2CFAEE2709042EE900131DD6 /* Release */,
				2CFAEE2809042EE900131DD6 /* Default */,
			);
			defaultConfigurationIsVisible = 0;
			defaultConfigurationName = Default;
		};
		B19BDFBD0B5C955500465046 /* Build configuration list for PBXAggregateTarget "Release Package" */ = {
			isa = XCConfigurationList;
			buildConfigurations = (
				B19BDFBE0B5C955500465046 /* Debug */,
				B19BDFBF0B5C955500465046 /* Release */,
				B19BDFC00B5C955500465046 /* Default */,
			);
			defaultConfigurationIsVisible = 0;
			defaultConfigurationName = Default;
		};
/* End XCConfigurationList section */
	};
	rootObject = 29B97313FDCFA39411CA2CEA /* Project object */;
}
